// !$*UTF8*$!
{
	archiveVersion = 1;
	classes = {
	};
	objectVersion = 56;
	objects = {

/* Begin PBXBuildFile section */
		C679A5022930AA95001CFF4A /* AppDelegate.swift in Sources */ = {isa = PBXBuildFile; fileRef = C679A5012930AA95001CFF4A /* AppDelegate.swift */; };
		C679A5042930AA95001CFF4A /* ViewController.swift in Sources */ = {isa = PBXBuildFile; fileRef = C679A5032930AA95001CFF4A /* ViewController.swift */; };
		C679A5062930AA95001CFF4A /* Experience.rcproject in Sources */ = {isa = PBXBuildFile; fileRef = C679A5052930AA95001CFF4A /* Experience.rcproject */; };
		C679A5092930AA95001CFF4A /* Main.storyboard in Resources */ = {isa = PBXBuildFile; fileRef = C679A5072930AA95001CFF4A /* Main.storyboard */; };
		C679A50B2930AA97001CFF4A /* Assets.xcassets in Resources */ = {isa = PBXBuildFile; fileRef = C679A50A2930AA97001CFF4A /* Assets.xcassets */; };
		C679A50E2930AA97001CFF4A /* LaunchScreen.storyboard in Resources */ = {isa = PBXBuildFile; fileRef = C679A50C2930AA97001CFF4A /* LaunchScreen.storyboard */; };
		C679A5182930AA97001CFF4A /* AR_BOOK_APPTests.swift in Sources */ = {isa = PBXBuildFile; fileRef = C679A5172930AA97001CFF4A /* AR_BOOK_APPTests.swift */; };
		C679A5222930AA97001CFF4A /* AR_BOOK_APPUITests.swift in Sources */ = {isa = PBXBuildFile; fileRef = C679A5212930AA97001CFF4A /* AR_BOOK_APPUITests.swift */; };
		C679A5242930AA97001CFF4A /* AR_BOOK_APPUITestsLaunchTests.swift in Sources */ = {isa = PBXBuildFile; fileRef = C679A5232930AA97001CFF4A /* AR_BOOK_APPUITestsLaunchTests.swift */; };
		C679A5322930FA27001CFF4A /* GoogleService-Info.plist in Resources */ = {isa = PBXBuildFile; fileRef = C679A5312930FA27001CFF4A /* GoogleService-Info.plist */; };
/* End PBXBuildFile section */

/* Begin PBXContainerItemProxy section */
		C679A5142930AA97001CFF4A /* PBXContainerItemProxy */ = {
			isa = PBXContainerItemProxy;
			containerPortal = C679A4F62930AA95001CFF4A /* Project object */;
			proxyType = 1;
			remoteGlobalIDString = C679A4FD2930AA95001CFF4A;
			remoteInfo = "AR-BOOK-APP";
		};
		C679A51E2930AA97001CFF4A /* PBXContainerItemProxy */ = {
			isa = PBXContainerItemProxy;
			containerPortal = C679A4F62930AA95001CFF4A /* Project object */;
			proxyType = 1;
			remoteGlobalIDString = C679A4FD2930AA95001CFF4A;
			remoteInfo = "AR-BOOK-APP";
		};
/* End PBXContainerItemProxy section */

/* Begin PBXFileReference section */
		C679A4FE2930AA95001CFF4A /* AR-BOOK-APP.app */ = {isa = PBXFileReference; explicitFileType = wrapper.application; includeInIndex = 0; path = "AR-BOOK-APP.app"; sourceTree = BUILT_PRODUCTS_DIR; };
		C679A5012930AA95001CFF4A /* AppDelegate.swift */ = {isa = PBXFileReference; lastKnownFileType = sourcecode.swift; path = AppDelegate.swift; sourceTree = "<group>"; };
		C679A5032930AA95001CFF4A /* ViewController.swift */ = {isa = PBXFileReference; lastKnownFileType = sourcecode.swift; path = ViewController.swift; sourceTree = "<group>"; };
		C679A5052930AA95001CFF4A /* Experience.rcproject */ = {isa = PBXFileReference; lastKnownFileType = file.rcproject; path = Experience.rcproject; sourceTree = "<group>"; };
		C679A5082930AA95001CFF4A /* Base */ = {isa = PBXFileReference; lastKnownFileType = file.storyboard; name = Base; path = Base.lproj/Main.storyboard; sourceTree = "<group>"; };
		C679A50A2930AA97001CFF4A /* Assets.xcassets */ = {isa = PBXFileReference; lastKnownFileType = folder.assetcatalog; path = Assets.xcassets; sourceTree = "<group>"; };
		C679A50D2930AA97001CFF4A /* Base */ = {isa = PBXFileReference; lastKnownFileType = file.storyboard; name = Base; path = Base.lproj/LaunchScreen.storyboard; sourceTree = "<group>"; };
		C679A5132930AA97001CFF4A /* AR-BOOK-APPTests.xctest */ = {isa = PBXFileReference; explicitFileType = wrapper.cfbundle; includeInIndex = 0; path = "AR-BOOK-APPTests.xctest"; sourceTree = BUILT_PRODUCTS_DIR; };
		C679A5172930AA97001CFF4A /* AR_BOOK_APPTests.swift */ = {isa = PBXFileReference; lastKnownFileType = sourcecode.swift; path = AR_BOOK_APPTests.swift; sourceTree = "<group>"; };
		C679A51D2930AA97001CFF4A /* AR-BOOK-APPUITests.xctest */ = {isa = PBXFileReference; explicitFileType = wrapper.cfbundle; includeInIndex = 0; path = "AR-BOOK-APPUITests.xctest"; sourceTree = BUILT_PRODUCTS_DIR; };
		C679A5212930AA97001CFF4A /* AR_BOOK_APPUITests.swift */ = {isa = PBXFileReference; lastKnownFileType = sourcecode.swift; path = AR_BOOK_APPUITests.swift; sourceTree = "<group>"; };
		C679A5232930AA97001CFF4A /* AR_BOOK_APPUITestsLaunchTests.swift */ = {isa = PBXFileReference; lastKnownFileType = sourcecode.swift; path = AR_BOOK_APPUITestsLaunchTests.swift; sourceTree = "<group>"; };
		C679A5312930FA27001CFF4A /* GoogleService-Info.plist */ = {isa = PBXFileReference; fileEncoding = 4; lastKnownFileType = text.plist.xml; path = "GoogleService-Info.plist"; sourceTree = "<group>"; };
/* End PBXFileReference section */

/* Begin PBXFrameworksBuildPhase section */
		C679A4FB2930AA95001CFF4A /* Frameworks */ = {
			isa = PBXFrameworksBuildPhase;
			buildActionMask = 2147483647;
			files = (
			);
			runOnlyForDeploymentPostprocessing = 0;
		};
		C679A5102930AA97001CFF4A /* Frameworks */ = {
			isa = PBXFrameworksBuildPhase;
			buildActionMask = 2147483647;
			files = (
			);
			runOnlyForDeploymentPostprocessing = 0;
		};
		C679A51A2930AA97001CFF4A /* Frameworks */ = {
			isa = PBXFrameworksBuildPhase;
			buildActionMask = 2147483647;
			files = (
			);
			runOnlyForDeploymentPostprocessing = 0;
		};
/* End PBXFrameworksBuildPhase section */

/* Begin PBXGroup section */
		C679A4F52930AA95001CFF4A = {
			isa = PBXGroup;
			children = (
				C679A5002930AA95001CFF4A /* AR-BOOK-APP */,
				C679A5162930AA97001CFF4A /* AR-BOOK-APPTests */,
				C679A5202930AA97001CFF4A /* AR-BOOK-APPUITests */,
				C679A4FF2930AA95001CFF4A /* Products */,
			);
			sourceTree = "<group>";
		};
		C679A4FF2930AA95001CFF4A /* Products */ = {
			isa = PBXGroup;
			children = (
				C679A4FE2930AA95001CFF4A /* AR-BOOK-APP.app */,
				C679A5132930AA97001CFF4A /* AR-BOOK-APPTests.xctest */,
				C679A51D2930AA97001CFF4A /* AR-BOOK-APPUITests.xctest */,
			);
			name = Products;
			sourceTree = "<group>";
		};
		C679A5002930AA95001CFF4A /* AR-BOOK-APP */ = {
			isa = PBXGroup;
			children = (
				C679A5352930FA8B001CFF4A /* Storyboards */,
				C679A5342930FA4F001CFF4A /* Experiences */,
				C679A5332930FA43001CFF4A /* AppDelegate */,
				C679A5302930FA17001CFF4A /* Files */,
				C679A5032930AA95001CFF4A /* ViewController.swift */,
				C679A50A2930AA97001CFF4A /* Assets.xcassets */,
			);
			path = "AR-BOOK-APP";
			sourceTree = "<group>";
		};
		C679A5162930AA97001CFF4A /* AR-BOOK-APPTests */ = {
			isa = PBXGroup;
			children = (
				C679A5172930AA97001CFF4A /* AR_BOOK_APPTests.swift */,
			);
			path = "AR-BOOK-APPTests";
			sourceTree = "<group>";
		};
		C679A5202930AA97001CFF4A /* AR-BOOK-APPUITests */ = {
			isa = PBXGroup;
			children = (
				C679A5212930AA97001CFF4A /* AR_BOOK_APPUITests.swift */,
				C679A5232930AA97001CFF4A /* AR_BOOK_APPUITestsLaunchTests.swift */,
			);
			path = "AR-BOOK-APPUITests";
			sourceTree = "<group>";
		};
		C679A5302930FA17001CFF4A /* Files */ = {
			isa = PBXGroup;
			children = (
				C679A5312930FA27001CFF4A /* GoogleService-Info.plist */,
			);
			path = Files;
			sourceTree = "<group>";
		};
		C679A5332930FA43001CFF4A /* AppDelegate */ = {
			isa = PBXGroup;
			children = (
				C679A5012930AA95001CFF4A /* AppDelegate.swift */,
			);
			path = AppDelegate;
			sourceTree = "<group>";
		};
		C679A5342930FA4F001CFF4A /* Experiences */ = {
			isa = PBXGroup;
			children = (
				C679A5052930AA95001CFF4A /* Experience.rcproject */,
			);
			path = Experiences;
			sourceTree = "<group>";
		};
		C679A5352930FA8B001CFF4A /* Storyboards */ = {
			isa = PBXGroup;
			children = (
				C679A50C2930AA97001CFF4A /* LaunchScreen.storyboard */,
				C679A5072930AA95001CFF4A /* Main.storyboard */,
			);
			path = Storyboards;
			sourceTree = "<group>";
		};
/* End PBXGroup section */

/* Begin PBXNativeTarget section */
		C679A4FD2930AA95001CFF4A /* AR-BOOK-APP */ = {
			isa = PBXNativeTarget;
			buildConfigurationList = C679A5272930AA97001CFF4A /* Build configuration list for PBXNativeTarget "AR-BOOK-APP" */;
			buildPhases = (
				C679A4FA2930AA95001CFF4A /* Sources */,
				C679A4FB2930AA95001CFF4A /* Frameworks */,
				C679A4FC2930AA95001CFF4A /* Resources */,
			);
			buildRules = (
			);
			dependencies = (
			);
			name = "AR-BOOK-APP";
			productName = "AR-BOOK-APP";
			productReference = C679A4FE2930AA95001CFF4A /* AR-BOOK-APP.app */;
			productType = "com.apple.product-type.application";
		};
		C679A5122930AA97001CFF4A /* AR-BOOK-APPTests */ = {
			isa = PBXNativeTarget;
			buildConfigurationList = C679A52A2930AA97001CFF4A /* Build configuration list for PBXNativeTarget "AR-BOOK-APPTests" */;
			buildPhases = (
				C679A50F2930AA97001CFF4A /* Sources */,
				C679A5102930AA97001CFF4A /* Frameworks */,
				C679A5112930AA97001CFF4A /* Resources */,
			);
			buildRules = (
			);
			dependencies = (
				C679A5152930AA97001CFF4A /* PBXTargetDependency */,
			);
			name = "AR-BOOK-APPTests";
			productName = "AR-BOOK-APPTests";
			productReference = C679A5132930AA97001CFF4A /* AR-BOOK-APPTests.xctest */;
			productType = "com.apple.product-type.bundle.unit-test";
		};
		C679A51C2930AA97001CFF4A /* AR-BOOK-APPUITests */ = {
			isa = PBXNativeTarget;
			buildConfigurationList = C679A52D2930AA97001CFF4A /* Build configuration list for PBXNativeTarget "AR-BOOK-APPUITests" */;
			buildPhases = (
				C679A5192930AA97001CFF4A /* Sources */,
				C679A51A2930AA97001CFF4A /* Frameworks */,
				C679A51B2930AA97001CFF4A /* Resources */,
			);
			buildRules = (
			);
			dependencies = (
				C679A51F2930AA97001CFF4A /* PBXTargetDependency */,
			);
			name = "AR-BOOK-APPUITests";
			productName = "AR-BOOK-APPUITests";
			productReference = C679A51D2930AA97001CFF4A /* AR-BOOK-APPUITests.xctest */;
			productType = "com.apple.product-type.bundle.ui-testing";
		};
/* End PBXNativeTarget section */

/* Begin PBXProject section */
		C679A4F62930AA95001CFF4A /* Project object */ = {
			isa = PBXProject;
			attributes = {
				BuildIndependentTargetsInParallel = 1;
				LastSwiftUpdateCheck = 1400;
				LastUpgradeCheck = 1400;
				TargetAttributes = {
					C679A4FD2930AA95001CFF4A = {
						CreatedOnToolsVersion = 14.0;
					};
					C679A5122930AA97001CFF4A = {
						CreatedOnToolsVersion = 14.0;
						TestTargetID = C679A4FD2930AA95001CFF4A;
					};
					C679A51C2930AA97001CFF4A = {
						CreatedOnToolsVersion = 14.0;
						TestTargetID = C679A4FD2930AA95001CFF4A;
					};
				};
			};
			buildConfigurationList = C679A4F92930AA95001CFF4A /* Build configuration list for PBXProject "AR-BOOK-APP" */;
			compatibilityVersion = "Xcode 14.0";
			developmentRegion = en;
			hasScannedForEncodings = 0;
			knownRegions = (
				en,
				Base,
			);
			mainGroup = C679A4F52930AA95001CFF4A;
			productRefGroup = C679A4FF2930AA95001CFF4A /* Products */;
			projectDirPath = "";
			projectRoot = "";
			targets = (
				C679A4FD2930AA95001CFF4A /* AR-BOOK-APP */,
				C679A5122930AA97001CFF4A /* AR-BOOK-APPTests */,
				C679A51C2930AA97001CFF4A /* AR-BOOK-APPUITests */,
			);
		};
/* End PBXProject section */

/* Begin PBXResourcesBuildPhase section */
		C679A4FC2930AA95001CFF4A /* Resources */ = {
			isa = PBXResourcesBuildPhase;
			buildActionMask = 2147483647;
			files = (
				C679A50E2930AA97001CFF4A /* LaunchScreen.storyboard in Resources */,
				C679A5322930FA27001CFF4A /* GoogleService-Info.plist in Resources */,
				C679A50B2930AA97001CFF4A /* Assets.xcassets in Resources */,
				C679A5092930AA95001CFF4A /* Main.storyboard in Resources */,
			);
			runOnlyForDeploymentPostprocessing = 0;
		};
		C679A5112930AA97001CFF4A /* Resources */ = {
			isa = PBXResourcesBuildPhase;
			buildActionMask = 2147483647;
			files = (
			);
			runOnlyForDeploymentPostprocessing = 0;
		};
		C679A51B2930AA97001CFF4A /* Resources */ = {
			isa = PBXResourcesBuildPhase;
			buildActionMask = 2147483647;
			files = (
			);
			runOnlyForDeploymentPostprocessing = 0;
		};
/* End PBXResourcesBuildPhase section */

/* Begin PBXSourcesBuildPhase section */
		C679A4FA2930AA95001CFF4A /* Sources */ = {
			isa = PBXSourcesBuildPhase;
			buildActionMask = 2147483647;
			files = (
				C679A5042930AA95001CFF4A /* ViewController.swift in Sources */,
				C679A5022930AA95001CFF4A /* AppDelegate.swift in Sources */,
				C679A5062930AA95001CFF4A /* Experience.rcproject in Sources */,
			);
			runOnlyForDeploymentPostprocessing = 0;
		};
		C679A50F2930AA97001CFF4A /* Sources */ = {
			isa = PBXSourcesBuildPhase;
			buildActionMask = 2147483647;
			files = (
				C679A5182930AA97001CFF4A /* AR_BOOK_APPTests.swift in Sources */,
			);
			runOnlyForDeploymentPostprocessing = 0;
		};
		C679A5192930AA97001CFF4A /* Sources */ = {
			isa = PBXSourcesBuildPhase;
			buildActionMask = 2147483647;
			files = (
				C679A5242930AA97001CFF4A /* AR_BOOK_APPUITestsLaunchTests.swift in Sources */,
				C679A5222930AA97001CFF4A /* AR_BOOK_APPUITests.swift in Sources */,
			);
			runOnlyForDeploymentPostprocessing = 0;
		};
/* End PBXSourcesBuildPhase section */

/* Begin PBXTargetDependency section */
		C679A5152930AA97001CFF4A /* PBXTargetDependency */ = {
			isa = PBXTargetDependency;
			target = C679A4FD2930AA95001CFF4A /* AR-BOOK-APP */;
			targetProxy = C679A5142930AA97001CFF4A /* PBXContainerItemProxy */;
		};
		C679A51F2930AA97001CFF4A /* PBXTargetDependency */ = {
			isa = PBXTargetDependency;
			target = C679A4FD2930AA95001CFF4A /* AR-BOOK-APP */;
			targetProxy = C679A51E2930AA97001CFF4A /* PBXContainerItemProxy */;
		};
/* End PBXTargetDependency section */

/* Begin PBXVariantGroup section */
		C679A5072930AA95001CFF4A /* Main.storyboard */ = {
			isa = PBXVariantGroup;
			children = (
				C679A5082930AA95001CFF4A /* Base */,
			);
			name = Main.storyboard;
			sourceTree = "<group>";
		};
		C679A50C2930AA97001CFF4A /* LaunchScreen.storyboard */ = {
			isa = PBXVariantGroup;
			children = (
				C679A50D2930AA97001CFF4A /* Base */,
			);
			name = LaunchScreen.storyboard;
			sourceTree = "<group>";
		};
/* End PBXVariantGroup section */

/* Begin XCBuildConfiguration section */
		C679A5252930AA97001CFF4A /* Debug */ = {
			isa = XCBuildConfiguration;
			buildSettings = {
				ALWAYS_SEARCH_USER_PATHS = NO;
				CLANG_ANALYZER_NONNULL = YES;
				CLANG_ANALYZER_NUMBER_OBJECT_CONVERSION = YES_AGGRESSIVE;
				CLANG_CXX_LANGUAGE_STANDARD = "gnu++20";
				CLANG_ENABLE_MODULES = YES;
				CLANG_ENABLE_OBJC_ARC = YES;
				CLANG_ENABLE_OBJC_WEAK = YES;
				CLANG_WARN_BLOCK_CAPTURE_AUTORELEASING = YES;
				CLANG_WARN_BOOL_CONVERSION = YES;
				CLANG_WARN_COMMA = YES;
				CLANG_WARN_CONSTANT_CONVERSION = YES;
				CLANG_WARN_DEPRECATED_OBJC_IMPLEMENTATIONS = YES;
				CLANG_WARN_DIRECT_OBJC_ISA_USAGE = YES_ERROR;
				CLANG_WARN_DOCUMENTATION_COMMENTS = YES;
				CLANG_WARN_EMPTY_BODY = YES;
				CLANG_WARN_ENUM_CONVERSION = YES;
				CLANG_WARN_INFINITE_RECURSION = YES;
				CLANG_WARN_INT_CONVERSION = YES;
				CLANG_WARN_NON_LITERAL_NULL_CONVERSION = YES;
				CLANG_WARN_OBJC_IMPLICIT_RETAIN_SELF = YES;
				CLANG_WARN_OBJC_LITERAL_CONVERSION = YES;
				CLANG_WARN_OBJC_ROOT_CLASS = YES_ERROR;
				CLANG_WARN_QUOTED_INCLUDE_IN_FRAMEWORK_HEADER = YES;
				CLANG_WARN_RANGE_LOOP_ANALYSIS = YES;
				CLANG_WARN_STRICT_PROTOTYPES = YES;
				CLANG_WARN_SUSPICIOUS_MOVE = YES;
				CLANG_WARN_UNGUARDED_AVAILABILITY = YES_AGGRESSIVE;
				CLANG_WARN_UNREACHABLE_CODE = YES;
				CLANG_WARN__DUPLICATE_METHOD_MATCH = YES;
				COPY_PHASE_STRIP = NO;
				DEBUG_INFORMATION_FORMAT = dwarf;
				ENABLE_STRICT_OBJC_MSGSEND = YES;
				ENABLE_TESTABILITY = YES;
				GCC_C_LANGUAGE_STANDARD = gnu11;
				GCC_DYNAMIC_NO_PIC = NO;
				GCC_NO_COMMON_BLOCKS = YES;
				GCC_OPTIMIZATION_LEVEL = 0;
				GCC_PREPROCESSOR_DEFINITIONS = (
					"DEBUG=1",
					"$(inherited)",
				);
				GCC_WARN_64_TO_32_BIT_CONVERSION = YES;
				GCC_WARN_ABOUT_RETURN_TYPE = YES_ERROR;
				GCC_WARN_UNDECLARED_SELECTOR = YES;
				GCC_WARN_UNINITIALIZED_AUTOS = YES_AGGRESSIVE;
				GCC_WARN_UNUSED_FUNCTION = YES;
				GCC_WARN_UNUSED_VARIABLE = YES;
				IPHONEOS_DEPLOYMENT_TARGET = 16.0;
				MTL_ENABLE_DEBUG_INFO = INCLUDE_SOURCE;
				MTL_FAST_MATH = YES;
				ONLY_ACTIVE_ARCH = YES;
				SDKROOT = iphoneos;
				SWIFT_ACTIVE_COMPILATION_CONDITIONS = DEBUG;
				SWIFT_OPTIMIZATION_LEVEL = "-Onone";
			};
			name = Debug;
		};
		C679A5262930AA97001CFF4A /* Release */ = {
			isa = XCBuildConfiguration;
			buildSettings = {
				ALWAYS_SEARCH_USER_PATHS = NO;
				CLANG_ANALYZER_NONNULL = YES;
				CLANG_ANALYZER_NUMBER_OBJECT_CONVERSION = YES_AGGRESSIVE;
				CLANG_CXX_LANGUAGE_STANDARD = "gnu++20";
				CLANG_ENABLE_MODULES = YES;
				CLANG_ENABLE_OBJC_ARC = YES;
				CLANG_ENABLE_OBJC_WEAK = YES;
				CLANG_WARN_BLOCK_CAPTURE_AUTORELEASING = YES;
				CLANG_WARN_BOOL_CONVERSION = YES;
				CLANG_WARN_COMMA = YES;
				CLANG_WARN_CONSTANT_CONVERSION = YES;
				CLANG_WARN_DEPRECATED_OBJC_IMPLEMENTATIONS = YES;
				CLANG_WARN_DIRECT_OBJC_ISA_USAGE = YES_ERROR;
				CLANG_WARN_DOCUMENTATION_COMMENTS = YES;
				CLANG_WARN_EMPTY_BODY = YES;
				CLANG_WARN_ENUM_CONVERSION = YES;
				CLANG_WARN_INFINITE_RECURSION = YES;
				CLANG_WARN_INT_CONVERSION = YES;
				CLANG_WARN_NON_LITERAL_NULL_CONVERSION = YES;
				CLANG_WARN_OBJC_IMPLICIT_RETAIN_SELF = YES;
				CLANG_WARN_OBJC_LITERAL_CONVERSION = YES;
				CLANG_WARN_OBJC_ROOT_CLASS = YES_ERROR;
				CLANG_WARN_QUOTED_INCLUDE_IN_FRAMEWORK_HEADER = YES;
				CLANG_WARN_RANGE_LOOP_ANALYSIS = YES;
				CLANG_WARN_STRICT_PROTOTYPES = YES;
				CLANG_WARN_SUSPICIOUS_MOVE = YES;
				CLANG_WARN_UNGUARDED_AVAILABILITY = YES_AGGRESSIVE;
				CLANG_WARN_UNREACHABLE_CODE = YES;
				CLANG_WARN__DUPLICATE_METHOD_MATCH = YES;
				COPY_PHASE_STRIP = NO;
				DEBUG_INFORMATION_FORMAT = "dwarf-with-dsym";
				ENABLE_NS_ASSERTIONS = NO;
				ENABLE_STRICT_OBJC_MSGSEND = YES;
				GCC_C_LANGUAGE_STANDARD = gnu11;
				GCC_NO_COMMON_BLOCKS = YES;
				GCC_WARN_64_TO_32_BIT_CONVERSION = YES;
				GCC_WARN_ABOUT_RETURN_TYPE = YES_ERROR;
				GCC_WARN_UNDECLARED_SELECTOR = YES;
				GCC_WARN_UNINITIALIZED_AUTOS = YES_AGGRESSIVE;
				GCC_WARN_UNUSED_FUNCTION = YES;
				GCC_WARN_UNUSED_VARIABLE = YES;
				IPHONEOS_DEPLOYMENT_TARGET = 16.0;
				MTL_ENABLE_DEBUG_INFO = NO;
				MTL_FAST_MATH = YES;
				SDKROOT = iphoneos;
				SWIFT_COMPILATION_MODE = wholemodule;
				SWIFT_OPTIMIZATION_LEVEL = "-O";
				VALIDATE_PRODUCT = YES;
			};
			name = Release;
		};
		C679A5282930AA97001CFF4A /* Debug */ = {
			isa = XCBuildConfiguration;
			buildSettings = {
				ASSETCATALOG_COMPILER_APPICON_NAME = AppIcon;
				ASSETCATALOG_COMPILER_GLOBAL_ACCENT_COLOR_NAME = AccentColor;
				CODE_SIGN_STYLE = Automatic;
				CURRENT_PROJECT_VERSION = 1;
				DEVELOPMENT_TEAM = Q3EPKHGL8X;
				GENERATE_INFOPLIST_FILE = YES;
				INFOPLIST_KEY_CFBundleDisplayName = "Longa Namibia";
				INFOPLIST_KEY_LSApplicationCategoryType = "public.app-category.education";
				INFOPLIST_KEY_NSCameraUsageDescription = "";
				INFOPLIST_KEY_UIApplicationSupportsIndirectInputEvents = YES;
				INFOPLIST_KEY_UILaunchStoryboardName = LaunchScreen;
				INFOPLIST_KEY_UIMainStoryboardFile = Main;
				INFOPLIST_KEY_UIRequiredDeviceCapabilities = arkit;
				INFOPLIST_KEY_UIStatusBarHidden = YES;
				INFOPLIST_KEY_UISupportedInterfaceOrientations = UIInterfaceOrientationPortrait;
				INFOPLIST_KEY_UISupportedInterfaceOrientations_iPad = "UIInterfaceOrientationLandscapeLeft UIInterfaceOrientationLandscapeRight UIInterfaceOrientationPortrait UIInterfaceOrientationPortraitUpsideDown";
				IPHONEOS_DEPLOYMENT_TARGET = 15.0;
				LD_RUNPATH_SEARCH_PATHS = (
					"$(inherited)",
					"@executable_path/Frameworks",
				);
				MARKETING_VERSION = 1.0;
				PRODUCT_BUNDLE_IDENTIFIER = "na.com.ges.LONGA-NAMIBIA";
				PRODUCT_NAME = "$(TARGET_NAME)";
				SUPPORTED_PLATFORMS = "iphoneos iphonesimulator";
				SUPPORTS_MACCATALYST = NO;
				SUPPORTS_MAC_DESIGNED_FOR_IPHONE_IPAD = NO;
				SWIFT_EMIT_LOC_STRINGS = YES;
				SWIFT_VERSION = 5.0;
				TARGETED_DEVICE_FAMILY = 1;
			};
			name = Debug;
		};
		C679A5292930AA97001CFF4A /* Release */ = {
			isa = XCBuildConfiguration;
			buildSettings = {
				ASSETCATALOG_COMPILER_APPICON_NAME = AppIcon;
				ASSETCATALOG_COMPILER_GLOBAL_ACCENT_COLOR_NAME = AccentColor;
				CODE_SIGN_STYLE = Automatic;
				CURRENT_PROJECT_VERSION = 1;
				DEVELOPMENT_TEAM = Q3EPKHGL8X;
				GENERATE_INFOPLIST_FILE = YES;
				INFOPLIST_KEY_CFBundleDisplayName = "Longa Namibia";
				INFOPLIST_KEY_LSApplicationCategoryType = "public.app-category.education";
				INFOPLIST_KEY_NSCameraUsageDescription = "";
				INFOPLIST_KEY_UIApplicationSupportsIndirectInputEvents = YES;
				INFOPLIST_KEY_UILaunchStoryboardName = LaunchScreen;
				INFOPLIST_KEY_UIMainStoryboardFile = Main;
				INFOPLIST_KEY_UIRequiredDeviceCapabilities = arkit;
				INFOPLIST_KEY_UIStatusBarHidden = YES;
				INFOPLIST_KEY_UISupportedInterfaceOrientations = UIInterfaceOrientationPortrait;
				INFOPLIST_KEY_UISupportedInterfaceOrientations_iPad = "UIInterfaceOrientationLandscapeLeft UIInterfaceOrientationLandscapeRight UIInterfaceOrientationPortrait UIInterfaceOrientationPortraitUpsideDown";
				IPHONEOS_DEPLOYMENT_TARGET = 15.0;
				LD_RUNPATH_SEARCH_PATHS = (
					"$(inherited)",
					"@executable_path/Frameworks",
				);
				MARKETING_VERSION = 1.0;
				PRODUCT_BUNDLE_IDENTIFIER = "na.com.ges.LONGA-NAMIBIA";
				PRODUCT_NAME = "$(TARGET_NAME)";
				SUPPORTED_PLATFORMS = "iphoneos iphonesimulator";
				SUPPORTS_MACCATALYST = NO;
				SUPPORTS_MAC_DESIGNED_FOR_IPHONE_IPAD = NO;
				SWIFT_EMIT_LOC_STRINGS = YES;
				SWIFT_VERSION = 5.0;
				TARGETED_DEVICE_FAMILY = 1;
			};
			name = Release;
		};
		C679A52B2930AA97001CFF4A /* Debug */ = {
			isa = XCBuildConfiguration;
			buildSettings = {
				ALWAYS_EMBED_SWIFT_STANDARD_LIBRARIES = YES;
				BUNDLE_LOADER = "$(TEST_HOST)";
				CODE_SIGN_STYLE = Automatic;
				CURRENT_PROJECT_VERSION = 1;
				DEVELOPMENT_TEAM = Q3EPKHGL8X;
				GENERATE_INFOPLIST_FILE = YES;
				IPHONEOS_DEPLOYMENT_TARGET = 16.0;
				MARKETING_VERSION = 1.0;
				PRODUCT_BUNDLE_IDENTIFIER = "na.com.ges.AR-BOOK-APPTests";
				PRODUCT_NAME = "$(TARGET_NAME)";
				SWIFT_EMIT_LOC_STRINGS = NO;
				SWIFT_VERSION = 5.0;
				TARGETED_DEVICE_FAMILY = "1,2";
				TEST_HOST = "$(BUILT_PRODUCTS_DIR)/AR-BOOK-APP.app/$(BUNDLE_EXECUTABLE_FOLDER_PATH)/AR-BOOK-APP";
			};
			name = Debug;
		};
		C679A52C2930AA97001CFF4A /* Release */ = {
			isa = XCBuildConfiguration;
			buildSettings = {
				ALWAYS_EMBED_SWIFT_STANDARD_LIBRARIES = YES;
				BUNDLE_LOADER = "$(TEST_HOST)";
				CODE_SIGN_STYLE = Automatic;
				CURRENT_PROJECT_VERSION = 1;
				DEVELOPMENT_TEAM = Q3EPKHGL8X;
				GENERATE_INFOPLIST_FILE = YES;
				IPHONEOS_DEPLOYMENT_TARGET = 16.0;
				MARKETING_VERSION = 1.0;
				PRODUCT_BUNDLE_IDENTIFIER = "na.com.ges.AR-BOOK-APPTests";
				PRODUCT_NAME = "$(TARGET_NAME)";
				SWIFT_EMIT_LOC_STRINGS = NO;
				SWIFT_VERSION = 5.0;
				TARGETED_DEVICE_FAMILY = "1,2";
				TEST_HOST = "$(BUILT_PRODUCTS_DIR)/AR-BOOK-APP.app/$(BUNDLE_EXECUTABLE_FOLDER_PATH)/AR-BOOK-APP";
			};
			name = Release;
		};
		C679A52E2930AA97001CFF4A /* Debug */ = {
			isa = XCBuildConfiguration;
			buildSettings = {
				ALWAYS_EMBED_SWIFT_STANDARD_LIBRARIES = YES;
				CODE_SIGN_STYLE = Automatic;
				CURRENT_PROJECT_VERSION = 1;
				DEVELOPMENT_TEAM = Q3EPKHGL8X;
				GENERATE_INFOPLIST_FILE = YES;
				MARKETING_VERSION = 1.0;
				PRODUCT_BUNDLE_IDENTIFIER = "na.com.ges.AR-BOOK-APPUITests";
				PRODUCT_NAME = "$(TARGET_NAME)";
				SWIFT_EMIT_LOC_STRINGS = NO;
				SWIFT_VERSION = 5.0;
				TARGETED_DEVICE_FAMILY = "1,2";
				TEST_TARGET_NAME = "AR-BOOK-APP";
			};
			name = Debug;
		};
		C679A52F2930AA97001CFF4A /* Release */ = {
			isa = XCBuildConfiguration;
			buildSettings = {
				ALWAYS_EMBED_SWIFT_STANDARD_LIBRARIES = YES;
				CODE_SIGN_STYLE = Automatic;
				CURRENT_PROJECT_VERSION = 1;
				DEVELOPMENT_TEAM = Q3EPKHGL8X;
				GENERATE_INFOPLIST_FILE = YES;
				MARKETING_VERSION = 1.0;
				PRODUCT_BUNDLE_IDENTIFIER = "na.com.ges.AR-BOOK-APPUITests";
				PRODUCT_NAME = "$(TARGET_NAME)";
				SWIFT_EMIT_LOC_STRINGS = NO;
				SWIFT_VERSION = 5.0;
				TARGETED_DEVICE_FAMILY = "1,2";
				TEST_TARGET_NAME = "AR-BOOK-APP";
			};
			name = Release;
		};
/* End XCBuildConfiguration section */

/* Begin XCConfigurationList section */
		C679A4F92930AA95001CFF4A /* Build configuration list for PBXProject "AR-BOOK-APP" */ = {
			isa = XCConfigurationList;
			buildConfigurations = (
				C679A5252930AA97001CFF4A /* Debug */,
				C679A5262930AA97001CFF4A /* Release */,
			);
			defaultConfigurationIsVisible = 0;
			defaultConfigurationName = Release;
		};
		C679A5272930AA97001CFF4A /* Build configuration list for PBXNativeTarget "AR-BOOK-APP" */ = {
			isa = XCConfigurationList;
			buildConfigurations = (
				C679A5282930AA97001CFF4A /* Debug */,
				C679A5292930AA97001CFF4A /* Release */,
			);
			defaultConfigurationIsVisible = 0;
			defaultConfigurationName = Release;
		};
		C679A52A2930AA97001CFF4A /* Build configuration list for PBXNativeTarget "AR-BOOK-APPTests" */ = {
			isa = XCConfigurationList;
			buildConfigurations = (
				C679A52B2930AA97001CFF4A /* Debug */,
				C679A52C2930AA97001CFF4A /* Release */,
			);
			defaultConfigurationIsVisible = 0;
			defaultConfigurationName = Release;
		};
		C679A52D2930AA97001CFF4A /* Build configuration list for PBXNativeTarget "AR-BOOK-APPUITests" */ = {
			isa = XCConfigurationList;
			buildConfigurations = (
				C679A52E2930AA97001CFF4A /* Debug */,
				C679A52F2930AA97001CFF4A /* Release */,
			);
			defaultConfigurationIsVisible = 0;
			defaultConfigurationName = Release;
		};
/* End XCConfigurationList section */
	};
	rootObject = C679A4F62930AA95001CFF4A /* Project object */;
}
