// !$*UTF8*$!
{
	archiveVersion = 1;
	classes = {
	};
	objectVersion = 56;
	objects = {

/* Begin PBXBuildFile section */
		C61B851229337FE600E0D5CA /* OnBoardingViewController.swift in Sources */ = {isa = PBXBuildFile; fileRef = C61B851029337FE600E0D5CA /* OnBoardingViewController.swift */; };
		C61B851329337FE600E0D5CA /* OnBoardingViewController.xib in Resources */ = {isa = PBXBuildFile; fileRef = C61B851129337FE600E0D5CA /* OnBoardingViewController.xib */; };
		C61B85162933808A00E0D5CA /* WelcomeViewController.swift in Sources */ = {isa = PBXBuildFile; fileRef = C61B85142933808A00E0D5CA /* WelcomeViewController.swift */; };
		C61B85172933808A00E0D5CA /* WelcomeViewController.xib in Resources */ = {isa = PBXBuildFile; fileRef = C61B85152933808A00E0D5CA /* WelcomeViewController.xib */; };
		C652B1D62933810200A65212 /* OnBoardingScreenItem.swift in Sources */ = {isa = PBXBuildFile; fileRef = C652B1D52933810200A65212 /* OnBoardingScreenItem.swift */; };
		C652B1DA2933816100A65212 /* ButtonTheme.swift in Sources */ = {isa = PBXBuildFile; fileRef = C652B1D92933816100A65212 /* ButtonTheme.swift */; };
		C652B1DD293381A500A65212 /* AppStateRepository.swift in Sources */ = {isa = PBXBuildFile; fileRef = C652B1DC293381A500A65212 /* AppStateRepository.swift */; };
		C652B1DF293381CE00A65212 /* UserDefaultConstants.swift in Sources */ = {isa = PBXBuildFile; fileRef = C652B1DE293381CE00A65212 /* UserDefaultConstants.swift */; };
		C652B1E22933820300A65212 /* Globals.swift in Sources */ = {isa = PBXBuildFile; fileRef = C652B1E12933820300A65212 /* Globals.swift */; };
		C652B1E52933826B00A65212 /* OnBoardingCollectionViewCell.swift in Sources */ = {isa = PBXBuildFile; fileRef = C652B1E32933826B00A65212 /* OnBoardingCollectionViewCell.swift */; };
		C652B1E62933826B00A65212 /* OnBoardingCollectionViewCell.xib in Resources */ = {isa = PBXBuildFile; fileRef = C652B1E42933826B00A65212 /* OnBoardingCollectionViewCell.xib */; };
		C67818C82933D2BD0062D4E4 /* HomeViewController.swift in Sources */ = {isa = PBXBuildFile; fileRef = C67818C62933D2BD0062D4E4 /* HomeViewController.swift */; };
		C67818C92933D2BD0062D4E4 /* HomeViewController.xib in Resources */ = {isa = PBXBuildFile; fileRef = C67818C72933D2BD0062D4E4 /* HomeViewController.xib */; };
		C67818CD2933D47F0062D4E4 /* HomeCollectionViewCell.swift in Sources */ = {isa = PBXBuildFile; fileRef = C67818CB2933D47F0062D4E4 /* HomeCollectionViewCell.swift */; };
		C67818CE2933D47F0062D4E4 /* HomeCollectionViewCell.xib in Resources */ = {isa = PBXBuildFile; fileRef = C67818CC2933D47F0062D4E4 /* HomeCollectionViewCell.xib */; };
		C67818D32933D4FE0062D4E4 /* SignInViewController.swift in Sources */ = {isa = PBXBuildFile; fileRef = C67818D12933D4FE0062D4E4 /* SignInViewController.swift */; };
		C67818D42933D4FE0062D4E4 /* SignInViewController.xib in Resources */ = {isa = PBXBuildFile; fileRef = C67818D22933D4FE0062D4E4 /* SignInViewController.xib */; };
		C67818D72933D7310062D4E4 /* SignInSignUpViewController.swift in Sources */ = {isa = PBXBuildFile; fileRef = C67818D52933D7310062D4E4 /* SignInSignUpViewController.swift */; };
		C67818D82933D7310062D4E4 /* SignInSignUpViewController.xib in Resources */ = {isa = PBXBuildFile; fileRef = C67818D62933D7310062D4E4 /* SignInSignUpViewController.xib */; };
		C67818DA2933D90F0062D4E4 /* Registration.storyboard in Resources */ = {isa = PBXBuildFile; fileRef = C67818D92933D90F0062D4E4 /* Registration.storyboard */; };
		C67818DE2933DEE70062D4E4 /* LoadingView.swift in Sources */ = {isa = PBXBuildFile; fileRef = C67818DD2933DEE70062D4E4 /* LoadingView.swift */; };
		C67818E02933DF470062D4E4 /* LoadingView.xib in Resources */ = {isa = PBXBuildFile; fileRef = C67818DF2933DF470062D4E4 /* LoadingView.xib */; };
		C67818E32933E16A0062D4E4 /* UIElement.swift in Sources */ = {isa = PBXBuildFile; fileRef = C67818E22933E16A0062D4E4 /* UIElement.swift */; };
		C67818E52933FFB60062D4E4 /* Home.storyboard in Resources */ = {isa = PBXBuildFile; fileRef = C67818E42933FFB60062D4E4 /* Home.storyboard */; };
		C67818E8293402F50062D4E4 /* HomeScreenItem.swift in Sources */ = {isa = PBXBuildFile; fileRef = C67818E7293402F50062D4E4 /* HomeScreenItem.swift */; };
		C67818ED293406FE0062D4E4 /* ProfileViewController.swift in Sources */ = {isa = PBXBuildFile; fileRef = C67818EB293406FE0062D4E4 /* ProfileViewController.swift */; };
		C67818EE293406FE0062D4E4 /* ProfileViewController.xib in Resources */ = {isa = PBXBuildFile; fileRef = C67818EC293406FE0062D4E4 /* ProfileViewController.xib */; };
		C67818F329340BA60062D4E4 /* AboutViewController.swift in Sources */ = {isa = PBXBuildFile; fileRef = C67818F129340BA60062D4E4 /* AboutViewController.swift */; };
		C67818F429340BA60062D4E4 /* AboutViewController.xib in Resources */ = {isa = PBXBuildFile; fileRef = C67818F229340BA60062D4E4 /* AboutViewController.xib */; };
		C67818F629340BC00062D4E4 /* Profile.storyboard in Resources */ = {isa = PBXBuildFile; fileRef = C67818F529340BC00062D4E4 /* Profile.storyboard */; };
		C67818F829340BD70062D4E4 /* About.storyboard in Resources */ = {isa = PBXBuildFile; fileRef = C67818F729340BD70062D4E4 /* About.storyboard */; };
		C679A5022930AA95001CFF4A /* AppDelegate.swift in Sources */ = {isa = PBXBuildFile; fileRef = C679A5012930AA95001CFF4A /* AppDelegate.swift */; };
		C679A5062930AA95001CFF4A /* Experience.rcproject in Sources */ = {isa = PBXBuildFile; fileRef = C679A5052930AA95001CFF4A /* Experience.rcproject */; };
		C679A5092930AA95001CFF4A /* Main.storyboard in Resources */ = {isa = PBXBuildFile; fileRef = C679A5072930AA95001CFF4A /* Main.storyboard */; };
		C679A50B2930AA97001CFF4A /* Assets.xcassets in Resources */ = {isa = PBXBuildFile; fileRef = C679A50A2930AA97001CFF4A /* Assets.xcassets */; };
		C679A50E2930AA97001CFF4A /* LaunchScreen.storyboard in Resources */ = {isa = PBXBuildFile; fileRef = C679A50C2930AA97001CFF4A /* LaunchScreen.storyboard */; };
		C679A5182930AA97001CFF4A /* AR_BOOK_APPTests.swift in Sources */ = {isa = PBXBuildFile; fileRef = C679A5172930AA97001CFF4A /* AR_BOOK_APPTests.swift */; };
		C679A5222930AA97001CFF4A /* AR_BOOK_APPUITests.swift in Sources */ = {isa = PBXBuildFile; fileRef = C679A5212930AA97001CFF4A /* AR_BOOK_APPUITests.swift */; };
		C679A5242930AA97001CFF4A /* AR_BOOK_APPUITestsLaunchTests.swift in Sources */ = {isa = PBXBuildFile; fileRef = C679A5232930AA97001CFF4A /* AR_BOOK_APPUITestsLaunchTests.swift */; };
		C679A5322930FA27001CFF4A /* GoogleService-Info.plist in Resources */ = {isa = PBXBuildFile; fileRef = C679A5312930FA27001CFF4A /* GoogleService-Info.plist */; };
		C693C2212934F03800138922 /* Theme.swift in Sources */ = {isa = PBXBuildFile; fileRef = C693C2202934F03800138922 /* Theme.swift */; };
		C693C2242935000B00138922 /* HomeDetailViewController.swift in Sources */ = {isa = PBXBuildFile; fileRef = C693C2222935000B00138922 /* HomeDetailViewController.swift */; };
		C693C2252935000B00138922 /* HomeDetailViewController.xib in Resources */ = {isa = PBXBuildFile; fileRef = C693C2232935000B00138922 /* HomeDetailViewController.xib */; };
		C693C2282935012000138922 /* HomeDetailTableViewCell.swift in Sources */ = {isa = PBXBuildFile; fileRef = C693C2262935012000138922 /* HomeDetailTableViewCell.swift */; };
		C693C2292935012000138922 /* HomeDetailTableViewCell.xib in Resources */ = {isa = PBXBuildFile; fileRef = C693C2272935012000138922 /* HomeDetailTableViewCell.xib */; };
		C6AE7FD8293386020031CE4C /* FirebaseAnalytics in Frameworks */ = {isa = PBXBuildFile; productRef = C6AE7FD7293386020031CE4C /* FirebaseAnalytics */; };
		C6AE7FDA293386020031CE4C /* FirebaseAppDistribution-Beta in Frameworks */ = {isa = PBXBuildFile; productRef = C6AE7FD9293386020031CE4C /* FirebaseAppDistribution-Beta */; };
		C6AE7FDC293386020031CE4C /* FirebaseAuth in Frameworks */ = {isa = PBXBuildFile; productRef = C6AE7FDB293386020031CE4C /* FirebaseAuth */; };
		C6AE7FDE293386020031CE4C /* FirebaseCrashlytics in Frameworks */ = {isa = PBXBuildFile; productRef = C6AE7FDD293386020031CE4C /* FirebaseCrashlytics */; };
		C6AE7FE0293386020031CE4C /* FirebaseDatabase in Frameworks */ = {isa = PBXBuildFile; productRef = C6AE7FDF293386020031CE4C /* FirebaseDatabase */; };
		C6AE7FE2293386020031CE4C /* FirebaseFirestore in Frameworks */ = {isa = PBXBuildFile; productRef = C6AE7FE1293386020031CE4C /* FirebaseFirestore */; };
		C6AE7FE4293386020031CE4C /* FirebaseStorage in Frameworks */ = {isa = PBXBuildFile; productRef = C6AE7FE3293386020031CE4C /* FirebaseStorage */; };
		C6AE7FE6293387A40031CE4C /* OnBoarding.storyboard in Resources */ = {isa = PBXBuildFile; fileRef = C6AE7FE5293387A40031CE4C /* OnBoarding.storyboard */; };
		C6AF1D14293552CC005EBB0C /* mouth.rcproject in Sources */ = {isa = PBXBuildFile; fileRef = C6AF1D13293552CC005EBB0C /* mouth.rcproject */; };
		C6B111CD293542D30023966D /* HumanAnatomyViewController.swift in Sources */ = {isa = PBXBuildFile; fileRef = C6B111CB293542D30023966D /* HumanAnatomyViewController.swift */; };
		C6B111CE293542D30023966D /* HumanAnatomyViewController.xib in Resources */ = {isa = PBXBuildFile; fileRef = C6B111CC293542D30023966D /* HumanAnatomyViewController.xib */; };
		C6B111D1293542EA0023966D /* HumanAnatomyCollectionViewCell.swift in Sources */ = {isa = PBXBuildFile; fileRef = C6B111CF293542EA0023966D /* HumanAnatomyCollectionViewCell.swift */; };
		C6B111D2293542EA0023966D /* HumanAnatomyCollectionViewCell.xib in Resources */ = {isa = PBXBuildFile; fileRef = C6B111D0293542EA0023966D /* HumanAnatomyCollectionViewCell.xib */; };
		C6B111D5293543C30023966D /* ViewTheme.swift in Sources */ = {isa = PBXBuildFile; fileRef = C6B111D4293543C30023966D /* ViewTheme.swift */; };
		C6B111D72935444E0023966D /* AnatomyScreenItem.swift in Sources */ = {isa = PBXBuildFile; fileRef = C6B111D62935444E0023966D /* AnatomyScreenItem.swift */; };
		C6B111DC29354D830023966D /* MouthViewController.swift in Sources */ = {isa = PBXBuildFile; fileRef = C6B111DA29354D830023966D /* MouthViewController.swift */; };
		C6B111DD29354D830023966D /* MouthViewController.xib in Resources */ = {isa = PBXBuildFile; fileRef = C6B111DB29354D830023966D /* MouthViewController.xib */; };
/* End PBXBuildFile section */

/* Begin PBXContainerItemProxy section */
		C679A5142930AA97001CFF4A /* PBXContainerItemProxy */ = {
			isa = PBXContainerItemProxy;
			containerPortal = C679A4F62930AA95001CFF4A /* Project object */;
			proxyType = 1;
			remoteGlobalIDString = C679A4FD2930AA95001CFF4A;
			remoteInfo = "AR-BOOK-APP";
		};
		C679A51E2930AA97001CFF4A /* PBXContainerItemProxy */ = {
			isa = PBXContainerItemProxy;
			containerPortal = C679A4F62930AA95001CFF4A /* Project object */;
			proxyType = 1;
			remoteGlobalIDString = C679A4FD2930AA95001CFF4A;
			remoteInfo = "AR-BOOK-APP";
		};
/* End PBXContainerItemProxy section */

/* Begin PBXFileReference section */
		C61B851029337FE600E0D5CA /* OnBoardingViewController.swift */ = {isa = PBXFileReference; lastKnownFileType = sourcecode.swift; path = OnBoardingViewController.swift; sourceTree = "<group>"; };
		C61B851129337FE600E0D5CA /* OnBoardingViewController.xib */ = {isa = PBXFileReference; lastKnownFileType = file.xib; path = OnBoardingViewController.xib; sourceTree = "<group>"; };
		C61B85142933808A00E0D5CA /* WelcomeViewController.swift */ = {isa = PBXFileReference; lastKnownFileType = sourcecode.swift; path = WelcomeViewController.swift; sourceTree = "<group>"; };
		C61B85152933808A00E0D5CA /* WelcomeViewController.xib */ = {isa = PBXFileReference; lastKnownFileType = file.xib; path = WelcomeViewController.xib; sourceTree = "<group>"; };
		C652B1D52933810200A65212 /* OnBoardingScreenItem.swift */ = {isa = PBXFileReference; lastKnownFileType = sourcecode.swift; path = OnBoardingScreenItem.swift; sourceTree = "<group>"; };
		C652B1D92933816100A65212 /* ButtonTheme.swift */ = {isa = PBXFileReference; lastKnownFileType = sourcecode.swift; path = ButtonTheme.swift; sourceTree = "<group>"; };
		C652B1DC293381A500A65212 /* AppStateRepository.swift */ = {isa = PBXFileReference; lastKnownFileType = sourcecode.swift; path = AppStateRepository.swift; sourceTree = "<group>"; };
		C652B1DE293381CE00A65212 /* UserDefaultConstants.swift */ = {isa = PBXFileReference; lastKnownFileType = sourcecode.swift; path = UserDefaultConstants.swift; sourceTree = "<group>"; };
		C652B1E12933820300A65212 /* Globals.swift */ = {isa = PBXFileReference; lastKnownFileType = sourcecode.swift; path = Globals.swift; sourceTree = "<group>"; };
		C652B1E32933826B00A65212 /* OnBoardingCollectionViewCell.swift */ = {isa = PBXFileReference; lastKnownFileType = sourcecode.swift; path = OnBoardingCollectionViewCell.swift; sourceTree = "<group>"; };
		C652B1E42933826B00A65212 /* OnBoardingCollectionViewCell.xib */ = {isa = PBXFileReference; lastKnownFileType = file.xib; path = OnBoardingCollectionViewCell.xib; sourceTree = "<group>"; };
		C67818C62933D2BD0062D4E4 /* HomeViewController.swift */ = {isa = PBXFileReference; lastKnownFileType = sourcecode.swift; path = HomeViewController.swift; sourceTree = "<group>"; };
		C67818C72933D2BD0062D4E4 /* HomeViewController.xib */ = {isa = PBXFileReference; lastKnownFileType = file.xib; path = HomeViewController.xib; sourceTree = "<group>"; };
		C67818CB2933D47F0062D4E4 /* HomeCollectionViewCell.swift */ = {isa = PBXFileReference; lastKnownFileType = sourcecode.swift; path = HomeCollectionViewCell.swift; sourceTree = "<group>"; };
		C67818CC2933D47F0062D4E4 /* HomeCollectionViewCell.xib */ = {isa = PBXFileReference; lastKnownFileType = file.xib; path = HomeCollectionViewCell.xib; sourceTree = "<group>"; };
		C67818D12933D4FE0062D4E4 /* SignInViewController.swift */ = {isa = PBXFileReference; lastKnownFileType = sourcecode.swift; path = SignInViewController.swift; sourceTree = "<group>"; };
		C67818D22933D4FE0062D4E4 /* SignInViewController.xib */ = {isa = PBXFileReference; lastKnownFileType = file.xib; path = SignInViewController.xib; sourceTree = "<group>"; };
		C67818D52933D7310062D4E4 /* SignInSignUpViewController.swift */ = {isa = PBXFileReference; lastKnownFileType = sourcecode.swift; path = SignInSignUpViewController.swift; sourceTree = "<group>"; };
		C67818D62933D7310062D4E4 /* SignInSignUpViewController.xib */ = {isa = PBXFileReference; lastKnownFileType = file.xib; path = SignInSignUpViewController.xib; sourceTree = "<group>"; };
		C67818D92933D90F0062D4E4 /* Registration.storyboard */ = {isa = PBXFileReference; lastKnownFileType = file.storyboard; path = Registration.storyboard; sourceTree = "<group>"; };
		C67818DD2933DEE70062D4E4 /* LoadingView.swift */ = {isa = PBXFileReference; lastKnownFileType = sourcecode.swift; path = LoadingView.swift; sourceTree = "<group>"; };
		C67818DF2933DF470062D4E4 /* LoadingView.xib */ = {isa = PBXFileReference; lastKnownFileType = file.xib; path = LoadingView.xib; sourceTree = "<group>"; };
		C67818E22933E16A0062D4E4 /* UIElement.swift */ = {isa = PBXFileReference; lastKnownFileType = sourcecode.swift; path = UIElement.swift; sourceTree = "<group>"; };
		C67818E42933FFB60062D4E4 /* Home.storyboard */ = {isa = PBXFileReference; lastKnownFileType = file.storyboard; path = Home.storyboard; sourceTree = "<group>"; };
		C67818E7293402F50062D4E4 /* HomeScreenItem.swift */ = {isa = PBXFileReference; lastKnownFileType = sourcecode.swift; path = HomeScreenItem.swift; sourceTree = "<group>"; };
		C67818EB293406FE0062D4E4 /* ProfileViewController.swift */ = {isa = PBXFileReference; lastKnownFileType = sourcecode.swift; path = ProfileViewController.swift; sourceTree = "<group>"; };
		C67818EC293406FE0062D4E4 /* ProfileViewController.xib */ = {isa = PBXFileReference; lastKnownFileType = file.xib; path = ProfileViewController.xib; sourceTree = "<group>"; };
		C67818F129340BA60062D4E4 /* AboutViewController.swift */ = {isa = PBXFileReference; lastKnownFileType = sourcecode.swift; path = AboutViewController.swift; sourceTree = "<group>"; };
		C67818F229340BA60062D4E4 /* AboutViewController.xib */ = {isa = PBXFileReference; lastKnownFileType = file.xib; path = AboutViewController.xib; sourceTree = "<group>"; };
		C67818F529340BC00062D4E4 /* Profile.storyboard */ = {isa = PBXFileReference; lastKnownFileType = file.storyboard; path = Profile.storyboard; sourceTree = "<group>"; };
		C67818F729340BD70062D4E4 /* About.storyboard */ = {isa = PBXFileReference; lastKnownFileType = file.storyboard; path = About.storyboard; sourceTree = "<group>"; };
		C679A4FE2930AA95001CFF4A /* AR-BOOK-APP.app */ = {isa = PBXFileReference; explicitFileType = wrapper.application; includeInIndex = 0; path = "AR-BOOK-APP.app"; sourceTree = BUILT_PRODUCTS_DIR; };
		C679A5012930AA95001CFF4A /* AppDelegate.swift */ = {isa = PBXFileReference; lastKnownFileType = sourcecode.swift; path = AppDelegate.swift; sourceTree = "<group>"; };
		C679A5052930AA95001CFF4A /* Experience.rcproject */ = {isa = PBXFileReference; lastKnownFileType = file.rcproject; path = Experience.rcproject; sourceTree = "<group>"; };
		C679A5082930AA95001CFF4A /* Base */ = {isa = PBXFileReference; lastKnownFileType = file.storyboard; name = Base; path = Base.lproj/Main.storyboard; sourceTree = "<group>"; };
		C679A50A2930AA97001CFF4A /* Assets.xcassets */ = {isa = PBXFileReference; lastKnownFileType = folder.assetcatalog; path = Assets.xcassets; sourceTree = "<group>"; };
		C679A50D2930AA97001CFF4A /* Base */ = {isa = PBXFileReference; lastKnownFileType = file.storyboard; name = Base; path = Base.lproj/LaunchScreen.storyboard; sourceTree = "<group>"; };
		C679A5132930AA97001CFF4A /* AR-BOOK-APPTests.xctest */ = {isa = PBXFileReference; explicitFileType = wrapper.cfbundle; includeInIndex = 0; path = "AR-BOOK-APPTests.xctest"; sourceTree = BUILT_PRODUCTS_DIR; };
		C679A5172930AA97001CFF4A /* AR_BOOK_APPTests.swift */ = {isa = PBXFileReference; lastKnownFileType = sourcecode.swift; path = AR_BOOK_APPTests.swift; sourceTree = "<group>"; };
		C679A51D2930AA97001CFF4A /* AR-BOOK-APPUITests.xctest */ = {isa = PBXFileReference; explicitFileType = wrapper.cfbundle; includeInIndex = 0; path = "AR-BOOK-APPUITests.xctest"; sourceTree = BUILT_PRODUCTS_DIR; };
		C679A5212930AA97001CFF4A /* AR_BOOK_APPUITests.swift */ = {isa = PBXFileReference; lastKnownFileType = sourcecode.swift; path = AR_BOOK_APPUITests.swift; sourceTree = "<group>"; };
		C679A5232930AA97001CFF4A /* AR_BOOK_APPUITestsLaunchTests.swift */ = {isa = PBXFileReference; lastKnownFileType = sourcecode.swift; path = AR_BOOK_APPUITestsLaunchTests.swift; sourceTree = "<group>"; };
		C679A5312930FA27001CFF4A /* GoogleService-Info.plist */ = {isa = PBXFileReference; fileEncoding = 4; lastKnownFileType = text.plist.xml; path = "GoogleService-Info.plist"; sourceTree = "<group>"; };
		C693C2202934F03800138922 /* Theme.swift */ = {isa = PBXFileReference; lastKnownFileType = sourcecode.swift; path = Theme.swift; sourceTree = "<group>"; };
		C693C2222935000B00138922 /* HomeDetailViewController.swift */ = {isa = PBXFileReference; lastKnownFileType = sourcecode.swift; path = HomeDetailViewController.swift; sourceTree = "<group>"; };
		C693C2232935000B00138922 /* HomeDetailViewController.xib */ = {isa = PBXFileReference; lastKnownFileType = file.xib; path = HomeDetailViewController.xib; sourceTree = "<group>"; };
		C693C2262935012000138922 /* HomeDetailTableViewCell.swift */ = {isa = PBXFileReference; lastKnownFileType = sourcecode.swift; path = HomeDetailTableViewCell.swift; sourceTree = "<group>"; };
		C693C2272935012000138922 /* HomeDetailTableViewCell.xib */ = {isa = PBXFileReference; lastKnownFileType = file.xib; path = HomeDetailTableViewCell.xib; sourceTree = "<group>"; };
		C6AE7FE5293387A40031CE4C /* OnBoarding.storyboard */ = {isa = PBXFileReference; lastKnownFileType = file.storyboard; path = OnBoarding.storyboard; sourceTree = "<group>"; };
		C6AE7FE7293396920031CE4C /* Info.plist */ = {isa = PBXFileReference; lastKnownFileType = text.plist; path = Info.plist; sourceTree = "<group>"; };
		C6AF1D13293552CC005EBB0C /* mouth.rcproject */ = {isa = PBXFileReference; lastKnownFileType = file.rcproject; path = mouth.rcproject; sourceTree = "<group>"; };
		C6B111CB293542D30023966D /* HumanAnatomyViewController.swift */ = {isa = PBXFileReference; lastKnownFileType = sourcecode.swift; path = HumanAnatomyViewController.swift; sourceTree = "<group>"; };
		C6B111CC293542D30023966D /* HumanAnatomyViewController.xib */ = {isa = PBXFileReference; lastKnownFileType = file.xib; path = HumanAnatomyViewController.xib; sourceTree = "<group>"; };
		C6B111CF293542EA0023966D /* HumanAnatomyCollectionViewCell.swift */ = {isa = PBXFileReference; lastKnownFileType = sourcecode.swift; path = HumanAnatomyCollectionViewCell.swift; sourceTree = "<group>"; };
		C6B111D0293542EA0023966D /* HumanAnatomyCollectionViewCell.xib */ = {isa = PBXFileReference; lastKnownFileType = file.xib; path = HumanAnatomyCollectionViewCell.xib; sourceTree = "<group>"; };
		C6B111D4293543C30023966D /* ViewTheme.swift */ = {isa = PBXFileReference; lastKnownFileType = sourcecode.swift; path = ViewTheme.swift; sourceTree = "<group>"; };
		C6B111D62935444E0023966D /* AnatomyScreenItem.swift */ = {isa = PBXFileReference; lastKnownFileType = sourcecode.swift; path = AnatomyScreenItem.swift; sourceTree = "<group>"; };
		C6B111DA29354D830023966D /* MouthViewController.swift */ = {isa = PBXFileReference; lastKnownFileType = sourcecode.swift; path = MouthViewController.swift; sourceTree = "<group>"; };
		C6B111DB29354D830023966D /* MouthViewController.xib */ = {isa = PBXFileReference; lastKnownFileType = file.xib; path = MouthViewController.xib; sourceTree = "<group>"; };
/* End PBXFileReference section */

/* Begin PBXFrameworksBuildPhase section */
		C679A4FB2930AA95001CFF4A /* Frameworks */ = {
			isa = PBXFrameworksBuildPhase;
			buildActionMask = 2147483647;
			files = (
				C6AE7FE0293386020031CE4C /* FirebaseDatabase in Frameworks */,
				C6AE7FD8293386020031CE4C /* FirebaseAnalytics in Frameworks */,
				C6AE7FDE293386020031CE4C /* FirebaseCrashlytics in Frameworks */,
				C6AE7FDC293386020031CE4C /* FirebaseAuth in Frameworks */,
				C6AE7FE4293386020031CE4C /* FirebaseStorage in Frameworks */,
				C6AE7FDA293386020031CE4C /* FirebaseAppDistribution-Beta in Frameworks */,
				C6AE7FE2293386020031CE4C /* FirebaseFirestore in Frameworks */,
			);
			runOnlyForDeploymentPostprocessing = 0;
		};
		C679A5102930AA97001CFF4A /* Frameworks */ = {
			isa = PBXFrameworksBuildPhase;
			buildActionMask = 2147483647;
			files = (
			);
			runOnlyForDeploymentPostprocessing = 0;
		};
		C679A51A2930AA97001CFF4A /* Frameworks */ = {
			isa = PBXFrameworksBuildPhase;
			buildActionMask = 2147483647;
			files = (
			);
			runOnlyForDeploymentPostprocessing = 0;
		};
/* End PBXFrameworksBuildPhase section */

/* Begin PBXGroup section */
		C61B850C29337F9700E0D5CA /* Onboarding */ = {
			isa = PBXGroup;
			children = (
				C61B850F29337FB700E0D5CA /* Cells */,
				C61B850E29337FA700E0D5CA /* Models */,
				C61B850D29337F9E00E0D5CA /* ViewsAndControllers */,
			);
			path = Onboarding;
			sourceTree = "<group>";
		};
		C61B850D29337F9E00E0D5CA /* ViewsAndControllers */ = {
			isa = PBXGroup;
			children = (
				C61B851029337FE600E0D5CA /* OnBoardingViewController.swift */,
				C61B851129337FE600E0D5CA /* OnBoardingViewController.xib */,
				C61B85142933808A00E0D5CA /* WelcomeViewController.swift */,
				C61B85152933808A00E0D5CA /* WelcomeViewController.xib */,
			);
			path = ViewsAndControllers;
			sourceTree = "<group>";
		};
		C61B850E29337FA700E0D5CA /* Models */ = {
			isa = PBXGroup;
			children = (
				C652B1D52933810200A65212 /* OnBoardingScreenItem.swift */,
			);
			path = Models;
			sourceTree = "<group>";
		};
		C61B850F29337FB700E0D5CA /* Cells */ = {
			isa = PBXGroup;
			children = (
				C652B1E32933826B00A65212 /* OnBoardingCollectionViewCell.swift */,
				C652B1E42933826B00A65212 /* OnBoardingCollectionViewCell.xib */,
			);
			path = Cells;
			sourceTree = "<group>";
		};
		C652B1D72933814600A65212 /* Theme */ = {
			isa = PBXGroup;
			children = (
				C6B111D3293543B50023966D /* View */,
				C693C21F2934F02900138922 /* Extensions */,
				C652B1D82933814B00A65212 /* Buttons */,
			);
			path = Theme;
			sourceTree = "<group>";
		};
		C652B1D82933814B00A65212 /* Buttons */ = {
			isa = PBXGroup;
			children = (
				C652B1D92933816100A65212 /* ButtonTheme.swift */,
			);
			path = Buttons;
			sourceTree = "<group>";
		};
		C652B1DB2933819100A65212 /* AppState */ = {
			isa = PBXGroup;
			children = (
				C652B1DC293381A500A65212 /* AppStateRepository.swift */,
				C652B1DE293381CE00A65212 /* UserDefaultConstants.swift */,
			);
			path = AppState;
			sourceTree = "<group>";
		};
		C652B1E0293381F300A65212 /* Globals */ = {
			isa = PBXGroup;
			children = (
				C652B1E12933820300A65212 /* Globals.swift */,
			);
			path = Globals;
			sourceTree = "<group>";
		};
		C67818C42933D2840062D4E4 /* Home */ = {
			isa = PBXGroup;
			children = (
				C67818E6293402E50062D4E4 /* Models */,
				C67818CA2933D4450062D4E4 /* Cells */,
				C67818C52933D28F0062D4E4 /* ViewsAndControllers */,
			);
			path = Home;
			sourceTree = "<group>";
		};
		C67818C52933D28F0062D4E4 /* ViewsAndControllers */ = {
			isa = PBXGroup;
			children = (
				C67818C62933D2BD0062D4E4 /* HomeViewController.swift */,
				C67818C72933D2BD0062D4E4 /* HomeViewController.xib */,
				C693C2222935000B00138922 /* HomeDetailViewController.swift */,
				C693C2232935000B00138922 /* HomeDetailViewController.xib */,
				C6B111CB293542D30023966D /* HumanAnatomyViewController.swift */,
				C6B111CC293542D30023966D /* HumanAnatomyViewController.xib */,
				C6B111DA29354D830023966D /* MouthViewController.swift */,
				C6B111DB29354D830023966D /* MouthViewController.xib */,
			);
			path = ViewsAndControllers;
			sourceTree = "<group>";
		};
		C67818CA2933D4450062D4E4 /* Cells */ = {
			isa = PBXGroup;
			children = (
				C67818CB2933D47F0062D4E4 /* HomeCollectionViewCell.swift */,
				C67818CC2933D47F0062D4E4 /* HomeCollectionViewCell.xib */,
				C693C2262935012000138922 /* HomeDetailTableViewCell.swift */,
				C693C2272935012000138922 /* HomeDetailTableViewCell.xib */,
				C6B111CF293542EA0023966D /* HumanAnatomyCollectionViewCell.swift */,
				C6B111D0293542EA0023966D /* HumanAnatomyCollectionViewCell.xib */,
			);
			path = Cells;
			sourceTree = "<group>";
		};
		C67818CF2933D4CE0062D4E4 /* Registration */ = {
			isa = PBXGroup;
			children = (
				C67818D02933D4D60062D4E4 /* ViewsAndControllers */,
			);
			path = Registration;
			sourceTree = "<group>";
		};
		C67818D02933D4D60062D4E4 /* ViewsAndControllers */ = {
			isa = PBXGroup;
			children = (
				C67818D12933D4FE0062D4E4 /* SignInViewController.swift */,
				C67818D22933D4FE0062D4E4 /* SignInViewController.xib */,
				C67818D52933D7310062D4E4 /* SignInSignUpViewController.swift */,
				C67818D62933D7310062D4E4 /* SignInSignUpViewController.xib */,
			);
			path = ViewsAndControllers;
			sourceTree = "<group>";
		};
		C67818DB2933DEBE0062D4E4 /* SupplementaryViews */ = {
			isa = PBXGroup;
			children = (
				C67818DC2933DECC0062D4E4 /* Loading */,
			);
			path = SupplementaryViews;
			sourceTree = "<group>";
		};
		C67818DC2933DECC0062D4E4 /* Loading */ = {
			isa = PBXGroup;
			children = (
				C67818DD2933DEE70062D4E4 /* LoadingView.swift */,
				C67818DF2933DF470062D4E4 /* LoadingView.xib */,
			);
			path = Loading;
			sourceTree = "<group>";
		};
		C67818E12933E15B0062D4E4 /* General */ = {
			isa = PBXGroup;
			children = (
				C67818E22933E16A0062D4E4 /* UIElement.swift */,
			);
			path = General;
			sourceTree = "<group>";
		};
		C67818E6293402E50062D4E4 /* Models */ = {
			isa = PBXGroup;
			children = (
				C67818E7293402F50062D4E4 /* HomeScreenItem.swift */,
				C6B111D62935444E0023966D /* AnatomyScreenItem.swift */,
			);
			path = Models;
			sourceTree = "<group>";
		};
		C67818E9293406CC0062D4E4 /* Profile */ = {
			isa = PBXGroup;
			children = (
				C67818EA293406D30062D4E4 /* ViewsAndControllers */,
			);
			path = Profile;
			sourceTree = "<group>";
		};
		C67818EA293406D30062D4E4 /* ViewsAndControllers */ = {
			isa = PBXGroup;
			children = (
				C67818EB293406FE0062D4E4 /* ProfileViewController.swift */,
				C67818EC293406FE0062D4E4 /* ProfileViewController.xib */,
			);
			path = ViewsAndControllers;
			sourceTree = "<group>";
		};
		C67818EF29340B7C0062D4E4 /* About */ = {
			isa = PBXGroup;
			children = (
				C67818F029340B810062D4E4 /* ViewsAndControllers */,
			);
			path = About;
			sourceTree = "<group>";
		};
		C67818F029340B810062D4E4 /* ViewsAndControllers */ = {
			isa = PBXGroup;
			children = (
				C67818F129340BA60062D4E4 /* AboutViewController.swift */,
				C67818F229340BA60062D4E4 /* AboutViewController.xib */,
			);
			path = ViewsAndControllers;
			sourceTree = "<group>";
		};
		C679A4F52930AA95001CFF4A = {
			isa = PBXGroup;
			children = (
				C679A5002930AA95001CFF4A /* AR-BOOK-APP */,
				C679A5162930AA97001CFF4A /* AR-BOOK-APPTests */,
				C679A5202930AA97001CFF4A /* AR-BOOK-APPUITests */,
				C679A4FF2930AA95001CFF4A /* Products */,
			);
			sourceTree = "<group>";
		};
		C679A4FF2930AA95001CFF4A /* Products */ = {
			isa = PBXGroup;
			children = (
				C679A4FE2930AA95001CFF4A /* AR-BOOK-APP.app */,
				C679A5132930AA97001CFF4A /* AR-BOOK-APPTests.xctest */,
				C679A51D2930AA97001CFF4A /* AR-BOOK-APPUITests.xctest */,
			);
			name = Products;
			sourceTree = "<group>";
		};
		C679A5002930AA95001CFF4A /* AR-BOOK-APP */ = {
			isa = PBXGroup;
			children = (
				C67818EF29340B7C0062D4E4 /* About */,
				C67818E9293406CC0062D4E4 /* Profile */,
				C67818E12933E15B0062D4E4 /* General */,
				C67818DB2933DEBE0062D4E4 /* SupplementaryViews */,
				C67818CF2933D4CE0062D4E4 /* Registration */,
				C67818C42933D2840062D4E4 /* Home */,
				C6AE7FE7293396920031CE4C /* Info.plist */,
				C652B1E0293381F300A65212 /* Globals */,
				C652B1DB2933819100A65212 /* AppState */,
				C652B1D72933814600A65212 /* Theme */,
				C61B850C29337F9700E0D5CA /* Onboarding */,
				C679A5352930FA8B001CFF4A /* Storyboards */,
				C679A5342930FA4F001CFF4A /* Experiences */,
				C679A5332930FA43001CFF4A /* AppDelegate */,
				C679A5302930FA17001CFF4A /* Files */,
				C679A50A2930AA97001CFF4A /* Assets.xcassets */,
			);
			path = "AR-BOOK-APP";
			sourceTree = "<group>";
		};
		C679A5162930AA97001CFF4A /* AR-BOOK-APPTests */ = {
			isa = PBXGroup;
			children = (
				C679A5172930AA97001CFF4A /* AR_BOOK_APPTests.swift */,
			);
			path = "AR-BOOK-APPTests";
			sourceTree = "<group>";
		};
		C679A5202930AA97001CFF4A /* AR-BOOK-APPUITests */ = {
			isa = PBXGroup;
			children = (
				C679A5212930AA97001CFF4A /* AR_BOOK_APPUITests.swift */,
				C679A5232930AA97001CFF4A /* AR_BOOK_APPUITestsLaunchTests.swift */,
			);
			path = "AR-BOOK-APPUITests";
			sourceTree = "<group>";
		};
		C679A5302930FA17001CFF4A /* Files */ = {
			isa = PBXGroup;
			children = (
				C679A5312930FA27001CFF4A /* GoogleService-Info.plist */,
			);
			path = Files;
			sourceTree = "<group>";
		};
		C679A5332930FA43001CFF4A /* AppDelegate */ = {
			isa = PBXGroup;
			children = (
				C679A5012930AA95001CFF4A /* AppDelegate.swift */,
			);
			path = AppDelegate;
			sourceTree = "<group>";
		};
		C679A5342930FA4F001CFF4A /* Experiences */ = {
			isa = PBXGroup;
			children = (
				C6AF1D13293552CC005EBB0C /* mouth.rcproject */,
				C679A5052930AA95001CFF4A /* Experience.rcproject */,
			);
			path = Experiences;
			sourceTree = "<group>";
		};
		C679A5352930FA8B001CFF4A /* Storyboards */ = {
			isa = PBXGroup;
			children = (
				C679A50C2930AA97001CFF4A /* LaunchScreen.storyboard */,
				C679A5072930AA95001CFF4A /* Main.storyboard */,
				C6AE7FE5293387A40031CE4C /* OnBoarding.storyboard */,
				C67818D92933D90F0062D4E4 /* Registration.storyboard */,
				C67818E42933FFB60062D4E4 /* Home.storyboard */,
				C67818F529340BC00062D4E4 /* Profile.storyboard */,
				C67818F729340BD70062D4E4 /* About.storyboard */,
			);
			path = Storyboards;
			sourceTree = "<group>";
		};
		C693C21F2934F02900138922 /* Extensions */ = {
			isa = PBXGroup;
			children = (
				C693C2202934F03800138922 /* Theme.swift */,
			);
			path = Extensions;
			sourceTree = "<group>";
		};
		C6B111D3293543B50023966D /* View */ = {
			isa = PBXGroup;
			children = (
				C6B111D4293543C30023966D /* ViewTheme.swift */,
			);
			path = View;
			sourceTree = "<group>";
		};
/* End PBXGroup section */

/* Begin PBXNativeTarget section */
		C679A4FD2930AA95001CFF4A /* AR-BOOK-APP */ = {
			isa = PBXNativeTarget;
			buildConfigurationList = C679A5272930AA97001CFF4A /* Build configuration list for PBXNativeTarget "AR-BOOK-APP" */;
			buildPhases = (
				C679A4FA2930AA95001CFF4A /* Sources */,
				C679A4FB2930AA95001CFF4A /* Frameworks */,
				C679A4FC2930AA95001CFF4A /* Resources */,
			);
			buildRules = (
			);
			dependencies = (
			);
			name = "AR-BOOK-APP";
			packageProductDependencies = (
				C6AE7FD7293386020031CE4C /* FirebaseAnalytics */,
				C6AE7FD9293386020031CE4C /* FirebaseAppDistribution-Beta */,
				C6AE7FDB293386020031CE4C /* FirebaseAuth */,
				C6AE7FDD293386020031CE4C /* FirebaseCrashlytics */,
				C6AE7FDF293386020031CE4C /* FirebaseDatabase */,
				C6AE7FE1293386020031CE4C /* FirebaseFirestore */,
				C6AE7FE3293386020031CE4C /* FirebaseStorage */,
			);
			productName = "AR-BOOK-APP";
			productReference = C679A4FE2930AA95001CFF4A /* AR-BOOK-APP.app */;
			productType = "com.apple.product-type.application";
		};
		C679A5122930AA97001CFF4A /* AR-BOOK-APPTests */ = {
			isa = PBXNativeTarget;
			buildConfigurationList = C679A52A2930AA97001CFF4A /* Build configuration list for PBXNativeTarget "AR-BOOK-APPTests" */;
			buildPhases = (
				C679A50F2930AA97001CFF4A /* Sources */,
				C679A5102930AA97001CFF4A /* Frameworks */,
				C679A5112930AA97001CFF4A /* Resources */,
			);
			buildRules = (
			);
			dependencies = (
				C679A5152930AA97001CFF4A /* PBXTargetDependency */,
			);
			name = "AR-BOOK-APPTests";
			productName = "AR-BOOK-APPTests";
			productReference = C679A5132930AA97001CFF4A /* AR-BOOK-APPTests.xctest */;
			productType = "com.apple.product-type.bundle.unit-test";
		};
		C679A51C2930AA97001CFF4A /* AR-BOOK-APPUITests */ = {
			isa = PBXNativeTarget;
			buildConfigurationList = C679A52D2930AA97001CFF4A /* Build configuration list for PBXNativeTarget "AR-BOOK-APPUITests" */;
			buildPhases = (
				C679A5192930AA97001CFF4A /* Sources */,
				C679A51A2930AA97001CFF4A /* Frameworks */,
				C679A51B2930AA97001CFF4A /* Resources */,
			);
			buildRules = (
			);
			dependencies = (
				C679A51F2930AA97001CFF4A /* PBXTargetDependency */,
			);
			name = "AR-BOOK-APPUITests";
			productName = "AR-BOOK-APPUITests";
			productReference = C679A51D2930AA97001CFF4A /* AR-BOOK-APPUITests.xctest */;
			productType = "com.apple.product-type.bundle.ui-testing";
		};
/* End PBXNativeTarget section */

/* Begin PBXProject section */
		C679A4F62930AA95001CFF4A /* Project object */ = {
			isa = PBXProject;
			attributes = {
				BuildIndependentTargetsInParallel = 1;
				LastSwiftUpdateCheck = 1400;
				LastUpgradeCheck = 1400;
				TargetAttributes = {
					C679A4FD2930AA95001CFF4A = {
						CreatedOnToolsVersion = 14.0;
					};
					C679A5122930AA97001CFF4A = {
						CreatedOnToolsVersion = 14.0;
						TestTargetID = C679A4FD2930AA95001CFF4A;
					};
					C679A51C2930AA97001CFF4A = {
						CreatedOnToolsVersion = 14.0;
						TestTargetID = C679A4FD2930AA95001CFF4A;
					};
				};
			};
			buildConfigurationList = C679A4F92930AA95001CFF4A /* Build configuration list for PBXProject "AR-BOOK-APP" */;
			compatibilityVersion = "Xcode 14.0";
			developmentRegion = en;
			hasScannedForEncodings = 0;
			knownRegions = (
				en,
				Base,
			);
			mainGroup = C679A4F52930AA95001CFF4A;
			packageReferences = (
				C6AE7FD6293386020031CE4C /* XCRemoteSwiftPackageReference "firebase-ios-sdk" */,
			);
			productRefGroup = C679A4FF2930AA95001CFF4A /* Products */;
			projectDirPath = "";
			projectRoot = "";
			targets = (
				C679A4FD2930AA95001CFF4A /* AR-BOOK-APP */,
				C679A5122930AA97001CFF4A /* AR-BOOK-APPTests */,
				C679A51C2930AA97001CFF4A /* AR-BOOK-APPUITests */,
			);
		};
/* End PBXProject section */

/* Begin PBXResourcesBuildPhase section */
		C679A4FC2930AA95001CFF4A /* Resources */ = {
			isa = PBXResourcesBuildPhase;
			buildActionMask = 2147483647;
			files = (
				C679A50E2930AA97001CFF4A /* LaunchScreen.storyboard in Resources */,
				C67818F829340BD70062D4E4 /* About.storyboard in Resources */,
				C652B1E62933826B00A65212 /* OnBoardingCollectionViewCell.xib in Resources */,
				C61B851329337FE600E0D5CA /* OnBoardingViewController.xib in Resources */,
				C679A5322930FA27001CFF4A /* GoogleService-Info.plist in Resources */,
				C67818D82933D7310062D4E4 /* SignInSignUpViewController.xib in Resources */,
				C6B111CE293542D30023966D /* HumanAnatomyViewController.xib in Resources */,
				C693C2292935012000138922 /* HomeDetailTableViewCell.xib in Resources */,
				C679A50B2930AA97001CFF4A /* Assets.xcassets in Resources */,
				C67818F629340BC00062D4E4 /* Profile.storyboard in Resources */,
				C67818E52933FFB60062D4E4 /* Home.storyboard in Resources */,
				C67818CE2933D47F0062D4E4 /* HomeCollectionViewCell.xib in Resources */,
				C6B111DD29354D830023966D /* MouthViewController.xib in Resources */,
				C679A5092930AA95001CFF4A /* Main.storyboard in Resources */,
				C61B85172933808A00E0D5CA /* WelcomeViewController.xib in Resources */,
				C693C2252935000B00138922 /* HomeDetailViewController.xib in Resources */,
				C67818EE293406FE0062D4E4 /* ProfileViewController.xib in Resources */,
				C67818D42933D4FE0062D4E4 /* SignInViewController.xib in Resources */,
				C67818DA2933D90F0062D4E4 /* Registration.storyboard in Resources */,
				C67818E02933DF470062D4E4 /* LoadingView.xib in Resources */,
				C6B111D2293542EA0023966D /* HumanAnatomyCollectionViewCell.xib in Resources */,
				C67818F429340BA60062D4E4 /* AboutViewController.xib in Resources */,
				C6AE7FE6293387A40031CE4C /* OnBoarding.storyboard in Resources */,
				C67818C92933D2BD0062D4E4 /* HomeViewController.xib in Resources */,
			);
			runOnlyForDeploymentPostprocessing = 0;
		};
		C679A5112930AA97001CFF4A /* Resources */ = {
			isa = PBXResourcesBuildPhase;
			buildActionMask = 2147483647;
			files = (
			);
			runOnlyForDeploymentPostprocessing = 0;
		};
		C679A51B2930AA97001CFF4A /* Resources */ = {
			isa = PBXResourcesBuildPhase;
			buildActionMask = 2147483647;
			files = (
			);
			runOnlyForDeploymentPostprocessing = 0;
		};
/* End PBXResourcesBuildPhase section */

/* Begin PBXSourcesBuildPhase section */
		C679A4FA2930AA95001CFF4A /* Sources */ = {
			isa = PBXSourcesBuildPhase;
			buildActionMask = 2147483647;
			files = (
				C652B1DF293381CE00A65212 /* UserDefaultConstants.swift in Sources */,
				C652B1D62933810200A65212 /* OnBoardingScreenItem.swift in Sources */,
				C67818E32933E16A0062D4E4 /* UIElement.swift in Sources */,
				C61B85162933808A00E0D5CA /* WelcomeViewController.swift in Sources */,
				C652B1E52933826B00A65212 /* OnBoardingCollectionViewCell.swift in Sources */,
				C6B111D5293543C30023966D /* ViewTheme.swift in Sources */,
				C6B111D72935444E0023966D /* AnatomyScreenItem.swift in Sources */,
				C679A5022930AA95001CFF4A /* AppDelegate.swift in Sources */,
				C67818ED293406FE0062D4E4 /* ProfileViewController.swift in Sources */,
				C67818E8293402F50062D4E4 /* HomeScreenItem.swift in Sources */,
				C67818D32933D4FE0062D4E4 /* SignInViewController.swift in Sources */,
				C6B111CD293542D30023966D /* HumanAnatomyViewController.swift in Sources */,
				C67818F329340BA60062D4E4 /* AboutViewController.swift in Sources */,
				C679A5062930AA95001CFF4A /* Experience.rcproject in Sources */,
				C693C2282935012000138922 /* HomeDetailTableViewCell.swift in Sources */,
				C652B1DD293381A500A65212 /* AppStateRepository.swift in Sources */,
				C693C2242935000B00138922 /* HomeDetailViewController.swift in Sources */,
				C67818DE2933DEE70062D4E4 /* LoadingView.swift in Sources */,
				C6B111D1293542EA0023966D /* HumanAnatomyCollectionViewCell.swift in Sources */,
				C67818C82933D2BD0062D4E4 /* HomeViewController.swift in Sources */,
				C6B111DC29354D830023966D /* MouthViewController.swift in Sources */,
				C652B1DA2933816100A65212 /* ButtonTheme.swift in Sources */,
				C6AF1D14293552CC005EBB0C /* mouth.rcproject in Sources */,
				C652B1E22933820300A65212 /* Globals.swift in Sources */,
				C61B851229337FE600E0D5CA /* OnBoardingViewController.swift in Sources */,
				C693C2212934F03800138922 /* Theme.swift in Sources */,
				C67818D72933D7310062D4E4 /* SignInSignUpViewController.swift in Sources */,
				C67818CD2933D47F0062D4E4 /* HomeCollectionViewCell.swift in Sources */,
			);
			runOnlyForDeploymentPostprocessing = 0;
		};
		C679A50F2930AA97001CFF4A /* Sources */ = {
			isa = PBXSourcesBuildPhase;
			buildActionMask = 2147483647;
			files = (
				C679A5182930AA97001CFF4A /* AR_BOOK_APPTests.swift in Sources */,
			);
			runOnlyForDeploymentPostprocessing = 0;
		};
		C679A5192930AA97001CFF4A /* Sources */ = {
			isa = PBXSourcesBuildPhase;
			buildActionMask = 2147483647;
			files = (
				C679A5242930AA97001CFF4A /* AR_BOOK_APPUITestsLaunchTests.swift in Sources */,
				C679A5222930AA97001CFF4A /* AR_BOOK_APPUITests.swift in Sources */,
			);
			runOnlyForDeploymentPostprocessing = 0;
		};
/* End PBXSourcesBuildPhase section */

/* Begin PBXTargetDependency section */
		C679A5152930AA97001CFF4A /* PBXTargetDependency */ = {
			isa = PBXTargetDependency;
			target = C679A4FD2930AA95001CFF4A /* AR-BOOK-APP */;
			targetProxy = C679A5142930AA97001CFF4A /* PBXContainerItemProxy */;
		};
		C679A51F2930AA97001CFF4A /* PBXTargetDependency */ = {
			isa = PBXTargetDependency;
			target = C679A4FD2930AA95001CFF4A /* AR-BOOK-APP */;
			targetProxy = C679A51E2930AA97001CFF4A /* PBXContainerItemProxy */;
		};
/* End PBXTargetDependency section */

/* Begin PBXVariantGroup section */
		C679A5072930AA95001CFF4A /* Main.storyboard */ = {
			isa = PBXVariantGroup;
			children = (
				C679A5082930AA95001CFF4A /* Base */,
			);
			name = Main.storyboard;
			sourceTree = "<group>";
		};
		C679A50C2930AA97001CFF4A /* LaunchScreen.storyboard */ = {
			isa = PBXVariantGroup;
			children = (
				C679A50D2930AA97001CFF4A /* Base */,
			);
			name = LaunchScreen.storyboard;
			sourceTree = "<group>";
		};
/* End PBXVariantGroup section */

/* Begin XCBuildConfiguration section */
		C679A5252930AA97001CFF4A /* Debug */ = {
			isa = XCBuildConfiguration;
			buildSettings = {
				ALWAYS_SEARCH_USER_PATHS = NO;
				CLANG_ANALYZER_NONNULL = YES;
				CLANG_ANALYZER_NUMBER_OBJECT_CONVERSION = YES_AGGRESSIVE;
				CLANG_CXX_LANGUAGE_STANDARD = "gnu++20";
				CLANG_ENABLE_MODULES = YES;
				CLANG_ENABLE_OBJC_ARC = YES;
				CLANG_ENABLE_OBJC_WEAK = YES;
				CLANG_WARN_BLOCK_CAPTURE_AUTORELEASING = YES;
				CLANG_WARN_BOOL_CONVERSION = YES;
				CLANG_WARN_COMMA = YES;
				CLANG_WARN_CONSTANT_CONVERSION = YES;
				CLANG_WARN_DEPRECATED_OBJC_IMPLEMENTATIONS = YES;
				CLANG_WARN_DIRECT_OBJC_ISA_USAGE = YES_ERROR;
				CLANG_WARN_DOCUMENTATION_COMMENTS = YES;
				CLANG_WARN_EMPTY_BODY = YES;
				CLANG_WARN_ENUM_CONVERSION = YES;
				CLANG_WARN_INFINITE_RECURSION = YES;
				CLANG_WARN_INT_CONVERSION = YES;
				CLANG_WARN_NON_LITERAL_NULL_CONVERSION = YES;
				CLANG_WARN_OBJC_IMPLICIT_RETAIN_SELF = YES;
				CLANG_WARN_OBJC_LITERAL_CONVERSION = YES;
				CLANG_WARN_OBJC_ROOT_CLASS = YES_ERROR;
				CLANG_WARN_QUOTED_INCLUDE_IN_FRAMEWORK_HEADER = YES;
				CLANG_WARN_RANGE_LOOP_ANALYSIS = YES;
				CLANG_WARN_STRICT_PROTOTYPES = YES;
				CLANG_WARN_SUSPICIOUS_MOVE = YES;
				CLANG_WARN_UNGUARDED_AVAILABILITY = YES_AGGRESSIVE;
				CLANG_WARN_UNREACHABLE_CODE = YES;
				CLANG_WARN__DUPLICATE_METHOD_MATCH = YES;
				COPY_PHASE_STRIP = NO;
				DEBUG_INFORMATION_FORMAT = dwarf;
				ENABLE_STRICT_OBJC_MSGSEND = YES;
				ENABLE_TESTABILITY = YES;
				GCC_C_LANGUAGE_STANDARD = gnu11;
				GCC_DYNAMIC_NO_PIC = NO;
				GCC_NO_COMMON_BLOCKS = YES;
				GCC_OPTIMIZATION_LEVEL = 0;
				GCC_PREPROCESSOR_DEFINITIONS = (
					"DEBUG=1",
					"$(inherited)",
				);
				GCC_WARN_64_TO_32_BIT_CONVERSION = YES;
				GCC_WARN_ABOUT_RETURN_TYPE = YES_ERROR;
				GCC_WARN_UNDECLARED_SELECTOR = YES;
				GCC_WARN_UNINITIALIZED_AUTOS = YES_AGGRESSIVE;
				GCC_WARN_UNUSED_FUNCTION = YES;
				GCC_WARN_UNUSED_VARIABLE = YES;
				IPHONEOS_DEPLOYMENT_TARGET = 16.0;
				MTL_ENABLE_DEBUG_INFO = INCLUDE_SOURCE;
				MTL_FAST_MATH = YES;
				ONLY_ACTIVE_ARCH = YES;
				SDKROOT = iphoneos;
				SWIFT_ACTIVE_COMPILATION_CONDITIONS = DEBUG;
				SWIFT_OPTIMIZATION_LEVEL = "-Onone";
			};
			name = Debug;
		};
		C679A5262930AA97001CFF4A /* Release */ = {
			isa = XCBuildConfiguration;
			buildSettings = {
				ALWAYS_SEARCH_USER_PATHS = NO;
				CLANG_ANALYZER_NONNULL = YES;
				CLANG_ANALYZER_NUMBER_OBJECT_CONVERSION = YES_AGGRESSIVE;
				CLANG_CXX_LANGUAGE_STANDARD = "gnu++20";
				CLANG_ENABLE_MODULES = YES;
				CLANG_ENABLE_OBJC_ARC = YES;
				CLANG_ENABLE_OBJC_WEAK = YES;
				CLANG_WARN_BLOCK_CAPTURE_AUTORELEASING = YES;
				CLANG_WARN_BOOL_CONVERSION = YES;
				CLANG_WARN_COMMA = YES;
				CLANG_WARN_CONSTANT_CONVERSION = YES;
				CLANG_WARN_DEPRECATED_OBJC_IMPLEMENTATIONS = YES;
				CLANG_WARN_DIRECT_OBJC_ISA_USAGE = YES_ERROR;
				CLANG_WARN_DOCUMENTATION_COMMENTS = YES;
				CLANG_WARN_EMPTY_BODY = YES;
				CLANG_WARN_ENUM_CONVERSION = YES;
				CLANG_WARN_INFINITE_RECURSION = YES;
				CLANG_WARN_INT_CONVERSION = YES;
				CLANG_WARN_NON_LITERAL_NULL_CONVERSION = YES;
				CLANG_WARN_OBJC_IMPLICIT_RETAIN_SELF = YES;
				CLANG_WARN_OBJC_LITERAL_CONVERSION = YES;
				CLANG_WARN_OBJC_ROOT_CLASS = YES_ERROR;
				CLANG_WARN_QUOTED_INCLUDE_IN_FRAMEWORK_HEADER = YES;
				CLANG_WARN_RANGE_LOOP_ANALYSIS = YES;
				CLANG_WARN_STRICT_PROTOTYPES = YES;
				CLANG_WARN_SUSPICIOUS_MOVE = YES;
				CLANG_WARN_UNGUARDED_AVAILABILITY = YES_AGGRESSIVE;
				CLANG_WARN_UNREACHABLE_CODE = YES;
				CLANG_WARN__DUPLICATE_METHOD_MATCH = YES;
				COPY_PHASE_STRIP = NO;
				DEBUG_INFORMATION_FORMAT = "dwarf-with-dsym";
				ENABLE_NS_ASSERTIONS = NO;
				ENABLE_STRICT_OBJC_MSGSEND = YES;
				GCC_C_LANGUAGE_STANDARD = gnu11;
				GCC_NO_COMMON_BLOCKS = YES;
				GCC_WARN_64_TO_32_BIT_CONVERSION = YES;
				GCC_WARN_ABOUT_RETURN_TYPE = YES_ERROR;
				GCC_WARN_UNDECLARED_SELECTOR = YES;
				GCC_WARN_UNINITIALIZED_AUTOS = YES_AGGRESSIVE;
				GCC_WARN_UNUSED_FUNCTION = YES;
				GCC_WARN_UNUSED_VARIABLE = YES;
				IPHONEOS_DEPLOYMENT_TARGET = 16.0;
				MTL_ENABLE_DEBUG_INFO = NO;
				MTL_FAST_MATH = YES;
				SDKROOT = iphoneos;
				SWIFT_COMPILATION_MODE = wholemodule;
				SWIFT_OPTIMIZATION_LEVEL = "-O";
				VALIDATE_PRODUCT = YES;
			};
			name = Release;
		};
		C679A5282930AA97001CFF4A /* Debug */ = {
			isa = XCBuildConfiguration;
			buildSettings = {
				ASSETCATALOG_COMPILER_APPICON_NAME = AppIcon;
				ASSETCATALOG_COMPILER_GLOBAL_ACCENT_COLOR_NAME = AccentColor;
				CODE_SIGN_STYLE = Automatic;
				CURRENT_PROJECT_VERSION = 1;
				DEVELOPMENT_TEAM = Q3EPKHGL8X;
				GENERATE_INFOPLIST_FILE = YES;
				INFOPLIST_FILE = "AR-BOOK-APP/Info.plist";
				INFOPLIST_KEY_CFBundleDisplayName = "Longa Namibia";
				INFOPLIST_KEY_LSApplicationCategoryType = "public.app-category.education";
				INFOPLIST_KEY_NSCameraUsageDescription = "";
				INFOPLIST_KEY_UIApplicationSupportsIndirectInputEvents = YES;
				INFOPLIST_KEY_UILaunchStoryboardName = LaunchScreen;
				INFOPLIST_KEY_UIMainStoryboardFile = Main;
				INFOPLIST_KEY_UIRequiredDeviceCapabilities = arkit;
				INFOPLIST_KEY_UIStatusBarHidden = YES;
				INFOPLIST_KEY_UIStatusBarStyle = UIStatusBarStyleLightContent;
				INFOPLIST_KEY_UISupportedInterfaceOrientations = UIInterfaceOrientationPortrait;
				INFOPLIST_KEY_UISupportedInterfaceOrientations_iPad = "UIInterfaceOrientationLandscapeLeft UIInterfaceOrientationLandscapeRight UIInterfaceOrientationPortrait UIInterfaceOrientationPortraitUpsideDown";
				IPHONEOS_DEPLOYMENT_TARGET = 15.0;
				LD_RUNPATH_SEARCH_PATHS = (
					"$(inherited)",
					"@executable_path/Frameworks",
				);
				MARKETING_VERSION = 1.0;
				PRODUCT_BUNDLE_IDENTIFIER = "na.com.ges.LONGA-NAMIBIA";
				PRODUCT_NAME = "$(TARGET_NAME)";
				SUPPORTED_PLATFORMS = "iphoneos iphonesimulator";
				SUPPORTS_MACCATALYST = NO;
				SUPPORTS_MAC_DESIGNED_FOR_IPHONE_IPAD = NO;
				SWIFT_EMIT_LOC_STRINGS = YES;
				SWIFT_VERSION = 5.0;
				TARGETED_DEVICE_FAMILY = 1;
			};
			name = Debug;
		};
		C679A5292930AA97001CFF4A /* Release */ = {
			isa = XCBuildConfiguration;
			buildSettings = {
				ASSETCATALOG_COMPILER_APPICON_NAME = AppIcon;
				ASSETCATALOG_COMPILER_GLOBAL_ACCENT_COLOR_NAME = AccentColor;
				CODE_SIGN_STYLE = Automatic;
				CURRENT_PROJECT_VERSION = 1;
				DEVELOPMENT_TEAM = Q3EPKHGL8X;
				GENERATE_INFOPLIST_FILE = YES;
				INFOPLIST_FILE = "AR-BOOK-APP/Info.plist";
				INFOPLIST_KEY_CFBundleDisplayName = "Longa Namibia";
				INFOPLIST_KEY_LSApplicationCategoryType = "public.app-category.education";
				INFOPLIST_KEY_NSCameraUsageDescription = "";
				INFOPLIST_KEY_UIApplicationSupportsIndirectInputEvents = YES;
				INFOPLIST_KEY_UILaunchStoryboardName = LaunchScreen;
				INFOPLIST_KEY_UIMainStoryboardFile = Main;
				INFOPLIST_KEY_UIRequiredDeviceCapabilities = arkit;
				INFOPLIST_KEY_UIStatusBarHidden = YES;
				INFOPLIST_KEY_UIStatusBarStyle = UIStatusBarStyleLightContent;
				INFOPLIST_KEY_UISupportedInterfaceOrientations = UIInterfaceOrientationPortrait;
				INFOPLIST_KEY_UISupportedInterfaceOrientations_iPad = "UIInterfaceOrientationLandscapeLeft UIInterfaceOrientationLandscapeRight UIInterfaceOrientationPortrait UIInterfaceOrientationPortraitUpsideDown";
				IPHONEOS_DEPLOYMENT_TARGET = 15.0;
				LD_RUNPATH_SEARCH_PATHS = (
					"$(inherited)",
					"@executable_path/Frameworks",
				);
				MARKETING_VERSION = 1.0;
				PRODUCT_BUNDLE_IDENTIFIER = "na.com.ges.LONGA-NAMIBIA";
				PRODUCT_NAME = "$(TARGET_NAME)";
				SUPPORTED_PLATFORMS = "iphoneos iphonesimulator";
				SUPPORTS_MACCATALYST = NO;
				SUPPORTS_MAC_DESIGNED_FOR_IPHONE_IPAD = NO;
				SWIFT_EMIT_LOC_STRINGS = YES;
				SWIFT_VERSION = 5.0;
				TARGETED_DEVICE_FAMILY = 1;
			};
			name = Release;
		};
		C679A52B2930AA97001CFF4A /* Debug */ = {
			isa = XCBuildConfiguration;
			buildSettings = {
				ALWAYS_EMBED_SWIFT_STANDARD_LIBRARIES = YES;
				BUNDLE_LOADER = "$(TEST_HOST)";
				CODE_SIGN_STYLE = Automatic;
				CURRENT_PROJECT_VERSION = 1;
				DEVELOPMENT_TEAM = Q3EPKHGL8X;
				GENERATE_INFOPLIST_FILE = YES;
				IPHONEOS_DEPLOYMENT_TARGET = 16.0;
				MARKETING_VERSION = 1.0;
				PRODUCT_BUNDLE_IDENTIFIER = "na.com.ges.AR-BOOK-APPTests";
				PRODUCT_NAME = "$(TARGET_NAME)";
				SWIFT_EMIT_LOC_STRINGS = NO;
				SWIFT_VERSION = 5.0;
				TARGETED_DEVICE_FAMILY = "1,2";
				TEST_HOST = "$(BUILT_PRODUCTS_DIR)/AR-BOOK-APP.app/$(BUNDLE_EXECUTABLE_FOLDER_PATH)/AR-BOOK-APP";
			};
			name = Debug;
		};
		C679A52C2930AA97001CFF4A /* Release */ = {
			isa = XCBuildConfiguration;
			buildSettings = {
				ALWAYS_EMBED_SWIFT_STANDARD_LIBRARIES = YES;
				BUNDLE_LOADER = "$(TEST_HOST)";
				CODE_SIGN_STYLE = Automatic;
				CURRENT_PROJECT_VERSION = 1;
				DEVELOPMENT_TEAM = Q3EPKHGL8X;
				GENERATE_INFOPLIST_FILE = YES;
				IPHONEOS_DEPLOYMENT_TARGET = 16.0;
				MARKETING_VERSION = 1.0;
				PRODUCT_BUNDLE_IDENTIFIER = "na.com.ges.AR-BOOK-APPTests";
				PRODUCT_NAME = "$(TARGET_NAME)";
				SWIFT_EMIT_LOC_STRINGS = NO;
				SWIFT_VERSION = 5.0;
				TARGETED_DEVICE_FAMILY = "1,2";
				TEST_HOST = "$(BUILT_PRODUCTS_DIR)/AR-BOOK-APP.app/$(BUNDLE_EXECUTABLE_FOLDER_PATH)/AR-BOOK-APP";
			};
			name = Release;
		};
		C679A52E2930AA97001CFF4A /* Debug */ = {
			isa = XCBuildConfiguration;
			buildSettings = {
				ALWAYS_EMBED_SWIFT_STANDARD_LIBRARIES = YES;
				CODE_SIGN_STYLE = Automatic;
				CURRENT_PROJECT_VERSION = 1;
				DEVELOPMENT_TEAM = Q3EPKHGL8X;
				GENERATE_INFOPLIST_FILE = YES;
				MARKETING_VERSION = 1.0;
				PRODUCT_BUNDLE_IDENTIFIER = "na.com.ges.AR-BOOK-APPUITests";
				PRODUCT_NAME = "$(TARGET_NAME)";
				SWIFT_EMIT_LOC_STRINGS = NO;
				SWIFT_VERSION = 5.0;
				TARGETED_DEVICE_FAMILY = "1,2";
				TEST_TARGET_NAME = "AR-BOOK-APP";
			};
			name = Debug;
		};
		C679A52F2930AA97001CFF4A /* Release */ = {
			isa = XCBuildConfiguration;
			buildSettings = {
				ALWAYS_EMBED_SWIFT_STANDARD_LIBRARIES = YES;
				CODE_SIGN_STYLE = Automatic;
				CURRENT_PROJECT_VERSION = 1;
				DEVELOPMENT_TEAM = Q3EPKHGL8X;
				GENERATE_INFOPLIST_FILE = YES;
				MARKETING_VERSION = 1.0;
				PRODUCT_BUNDLE_IDENTIFIER = "na.com.ges.AR-BOOK-APPUITests";
				PRODUCT_NAME = "$(TARGET_NAME)";
				SWIFT_EMIT_LOC_STRINGS = NO;
				SWIFT_VERSION = 5.0;
				TARGETED_DEVICE_FAMILY = "1,2";
				TEST_TARGET_NAME = "AR-BOOK-APP";
			};
			name = Release;
		};
/* End XCBuildConfiguration section */

/* Begin XCConfigurationList section */
		C679A4F92930AA95001CFF4A /* Build configuration list for PBXProject "AR-BOOK-APP" */ = {
			isa = XCConfigurationList;
			buildConfigurations = (
				C679A5252930AA97001CFF4A /* Debug */,
				C679A5262930AA97001CFF4A /* Release */,
			);
			defaultConfigurationIsVisible = 0;
			defaultConfigurationName = Release;
		};
		C679A5272930AA97001CFF4A /* Build configuration list for PBXNativeTarget "AR-BOOK-APP" */ = {
			isa = XCConfigurationList;
			buildConfigurations = (
				C679A5282930AA97001CFF4A /* Debug */,
				C679A5292930AA97001CFF4A /* Release */,
			);
			defaultConfigurationIsVisible = 0;
			defaultConfigurationName = Release;
		};
		C679A52A2930AA97001CFF4A /* Build configuration list for PBXNativeTarget "AR-BOOK-APPTests" */ = {
			isa = XCConfigurationList;
			buildConfigurations = (
				C679A52B2930AA97001CFF4A /* Debug */,
				C679A52C2930AA97001CFF4A /* Release */,
			);
			defaultConfigurationIsVisible = 0;
			defaultConfigurationName = Release;
		};
		C679A52D2930AA97001CFF4A /* Build configuration list for PBXNativeTarget "AR-BOOK-APPUITests" */ = {
			isa = XCConfigurationList;
			buildConfigurations = (
				C679A52E2930AA97001CFF4A /* Debug */,
				C679A52F2930AA97001CFF4A /* Release */,
			);
			defaultConfigurationIsVisible = 0;
			defaultConfigurationName = Release;
		};
/* End XCConfigurationList section */

/* Begin XCRemoteSwiftPackageReference section */
		C6AE7FD6293386020031CE4C /* XCRemoteSwiftPackageReference "firebase-ios-sdk" */ = {
			isa = XCRemoteSwiftPackageReference;
			repositoryURL = "https://github.com/firebase/firebase-ios-sdk";
			requirement = {
				kind = upToNextMajorVersion;
				minimumVersion = 9.0.0;
			};
		};
/* End XCRemoteSwiftPackageReference section */

/* Begin XCSwiftPackageProductDependency section */
		C6AE7FD7293386020031CE4C /* FirebaseAnalytics */ = {
			isa = XCSwiftPackageProductDependency;
			package = C6AE7FD6293386020031CE4C /* XCRemoteSwiftPackageReference "firebase-ios-sdk" */;
			productName = FirebaseAnalytics;
		};
		C6AE7FD9293386020031CE4C /* FirebaseAppDistribution-Beta */ = {
			isa = XCSwiftPackageProductDependency;
			package = C6AE7FD6293386020031CE4C /* XCRemoteSwiftPackageReference "firebase-ios-sdk" */;
			productName = "FirebaseAppDistribution-Beta";
		};
		C6AE7FDB293386020031CE4C /* FirebaseAuth */ = {
			isa = XCSwiftPackageProductDependency;
			package = C6AE7FD6293386020031CE4C /* XCRemoteSwiftPackageReference "firebase-ios-sdk" */;
			productName = FirebaseAuth;
		};
		C6AE7FDD293386020031CE4C /* FirebaseCrashlytics */ = {
			isa = XCSwiftPackageProductDependency;
			package = C6AE7FD6293386020031CE4C /* XCRemoteSwiftPackageReference "firebase-ios-sdk" */;
			productName = FirebaseCrashlytics;
		};
		C6AE7FDF293386020031CE4C /* FirebaseDatabase */ = {
			isa = XCSwiftPackageProductDependency;
			package = C6AE7FD6293386020031CE4C /* XCRemoteSwiftPackageReference "firebase-ios-sdk" */;
			productName = FirebaseDatabase;
		};
		C6AE7FE1293386020031CE4C /* FirebaseFirestore */ = {
			isa = XCSwiftPackageProductDependency;
			package = C6AE7FD6293386020031CE4C /* XCRemoteSwiftPackageReference "firebase-ios-sdk" */;
			productName = FirebaseFirestore;
		};
		C6AE7FE3293386020031CE4C /* FirebaseStorage */ = {
			isa = XCSwiftPackageProductDependency;
			package = C6AE7FD6293386020031CE4C /* XCRemoteSwiftPackageReference "firebase-ios-sdk" */;
			productName = FirebaseStorage;
		};
/* End XCSwiftPackageProductDependency section */
	};
	rootObject = C679A4F62930AA95001CFF4A /* Project object */;
}
